// !$*UTF8*$!
{
	archiveVersion = 1;
	classes = {
	};
	objectVersion = 50;
	objects = {

/* Begin PBXBuildFile section */
		4A00F21E22810E6400EB5309 /* FeedLayout.swift in Sources */ = {isa = PBXBuildFile; fileRef = 4A00F21D22810E6400EB5309 /* FeedLayout.swift */; };
		4A00F22122825DA100EB5309 /* EditPhotoViewController.swift in Sources */ = {isa = PBXBuildFile; fileRef = 4A00F22022825DA100EB5309 /* EditPhotoViewController.swift */; };
		4A00F2232282727500EB5309 /* EditPhotoNode.swift in Sources */ = {isa = PBXBuildFile; fileRef = 4A00F2222282727500EB5309 /* EditPhotoNode.swift */; };
		4A00F225228361E900EB5309 /* LivePhotoNode.swift in Sources */ = {isa = PBXBuildFile; fileRef = 4A00F224228361E900EB5309 /* LivePhotoNode.swift */; };
		4A03B9CA215574FB00A938F7 /* DetailController.swift in Sources */ = {isa = PBXBuildFile; fileRef = 4A03B9C9215574FB00A938F7 /* DetailController.swift */; };
		4A03B9CD2155773000A938F7 /* MosaicCollectionViewLayout.swift in Sources */ = {isa = PBXBuildFile; fileRef = 4A03B9CC2155773000A938F7 /* MosaicCollectionViewLayout.swift */; };
		4A03B9D12155774400A938F7 /* DiscoverViewNodeController.swift in Sources */ = {isa = PBXBuildFile; fileRef = 4A03B9D02155774400A938F7 /* DiscoverViewNodeController.swift */; };
		4A040EE0229B76BF0020020F /* HashtagViewController.swift in Sources */ = {isa = PBXBuildFile; fileRef = 4A040EDF229B76BF0020020F /* HashtagViewController.swift */; };
		4A040EE822A064720020020F /* DiscoverData.swift in Sources */ = {isa = PBXBuildFile; fileRef = 4A040EE722A064720020020F /* DiscoverData.swift */; };
		4A040EEB22A1A7230020020F /* DiscoverTestController.swift in Sources */ = {isa = PBXBuildFile; fileRef = 4A040EEA22A1A7230020020F /* DiscoverTestController.swift */; };
		4A040EF322A1B2EF0020020F /* FeedSectionController.swift in Sources */ = {isa = PBXBuildFile; fileRef = 4A040EF222A1B2EF0020020F /* FeedSectionController.swift */; };
		4A0C430E23A1C4FA00F10A46 /* DiscoverFullCell.swift in Sources */ = {isa = PBXBuildFile; fileRef = 4A0C430D23A1C4FA00F10A46 /* DiscoverFullCell.swift */; };
		4A0D3F912345996800280E51 /* InviteController.swift in Sources */ = {isa = PBXBuildFile; fileRef = 4A0D3F902345996800280E51 /* InviteController.swift */; };
		4A0D3F9323459AC100280E51 /* InviteNode.swift in Sources */ = {isa = PBXBuildFile; fileRef = 4A0D3F9223459AC100280E51 /* InviteNode.swift */; };
		4A0D3F952348053B00280E51 /* PrivacyController.swift in Sources */ = {isa = PBXBuildFile; fileRef = 4A0D3F942348053B00280E51 /* PrivacyController.swift */; };
		4A0D3F972348055C00280E51 /* PrivacyNode.swift in Sources */ = {isa = PBXBuildFile; fileRef = 4A0D3F962348055C00280E51 /* PrivacyNode.swift */; };
		4A0D3F992348064600280E51 /* NotificationSettingController.swift in Sources */ = {isa = PBXBuildFile; fileRef = 4A0D3F982348064600280E51 /* NotificationSettingController.swift */; };
		4A0D3F9B2348065400280E51 /* NotificationSettingNode.swift in Sources */ = {isa = PBXBuildFile; fileRef = 4A0D3F9A2348065400280E51 /* NotificationSettingNode.swift */; };
		4A0D3F9D234806C700280E51 /* FollowAndInviteController.swift in Sources */ = {isa = PBXBuildFile; fileRef = 4A0D3F9C234806C700280E51 /* FollowAndInviteController.swift */; };
		4A0D3F9F234806D700280E51 /* FollowAndInviteNode.swift in Sources */ = {isa = PBXBuildFile; fileRef = 4A0D3F9E234806D700280E51 /* FollowAndInviteNode.swift */; };
		4A0D3FA1234806E700280E51 /* AboutController.swift in Sources */ = {isa = PBXBuildFile; fileRef = 4A0D3FA0234806E700280E51 /* AboutController.swift */; };
		4A0D3FA3234806F400280E51 /* AboutNode.swift in Sources */ = {isa = PBXBuildFile; fileRef = 4A0D3FA2234806F400280E51 /* AboutNode.swift */; };
		4A0D3FA52348070300280E51 /* HelpController.swift in Sources */ = {isa = PBXBuildFile; fileRef = 4A0D3FA42348070300280E51 /* HelpController.swift */; };
		4A0D3FA72348071200280E51 /* HelpNode.swift in Sources */ = {isa = PBXBuildFile; fileRef = 4A0D3FA62348071200280E51 /* HelpNode.swift */; };
		4A0D3FAB234A799F00280E51 /* SignUpNode.swift in Sources */ = {isa = PBXBuildFile; fileRef = 4A0D3FAA234A799F00280E51 /* SignUpNode.swift */; };
		4A0D3FAD234A79AD00280E51 /* SignInNode.swift in Sources */ = {isa = PBXBuildFile; fileRef = 4A0D3FAC234A79AD00280E51 /* SignInNode.swift */; };
		4A0FE66E22627D2700724A56 /* ProfileDataController.swift in Sources */ = {isa = PBXBuildFile; fileRef = 4A0FE66D22627D2700724A56 /* ProfileDataController.swift */; };
		4A0FE67322653C2200724A56 /* ProfileViewController.swift in Sources */ = {isa = PBXBuildFile; fileRef = 4A0FE67222653C2200724A56 /* ProfileViewController.swift */; };
		4A0FE6752265526F00724A56 /* ProfilePostsLayout.swift in Sources */ = {isa = PBXBuildFile; fileRef = 4A0FE6742265526F00724A56 /* ProfilePostsLayout.swift */; };
		4A100E5F235A5FBD00AD6CB1 /* SearchTableViewCell.swift in Sources */ = {isa = PBXBuildFile; fileRef = 4A100E5E235A5FBD00AD6CB1 /* SearchTableViewCell.swift */; };
		4A100E61235CE2CC00AD6CB1 /* SearchBarCustomController.swift in Sources */ = {isa = PBXBuildFile; fileRef = 4A100E60235CE2CC00AD6CB1 /* SearchBarCustomController.swift */; };
		4A100E642362586000AD6CB1 /* ProfileNotSignedInController.swift in Sources */ = {isa = PBXBuildFile; fileRef = 4A100E632362586000AD6CB1 /* ProfileNotSignedInController.swift */; };
		4A100E662362589600AD6CB1 /* NotificationNotSignedInController.swift in Sources */ = {isa = PBXBuildFile; fileRef = 4A100E652362589600AD6CB1 /* NotificationNotSignedInController.swift */; };
		4A100E68236258A800AD6CB1 /* CameraNotSignInController.swift in Sources */ = {isa = PBXBuildFile; fileRef = 4A100E67236258A800AD6CB1 /* CameraNotSignInController.swift */; };
		4A100E6A2363833C00AD6CB1 /* SignInDisplayController.swift in Sources */ = {isa = PBXBuildFile; fileRef = 4A100E692363833C00AD6CB1 /* SignInDisplayController.swift */; };
		4A1B41A72321B2E0001ED374 /* ProfileHeaderController.swift in Sources */ = {isa = PBXBuildFile; fileRef = 4A1B41A62321B2DF001ED374 /* ProfileHeaderController.swift */; };
		4A1B41A92321C16B001ED374 /* NavigationBarNode.swift in Sources */ = {isa = PBXBuildFile; fileRef = 4A1B41A82321C16B001ED374 /* NavigationBarNode.swift */; };
		4A1B41C323271AF7001ED374 /* HeaderViewController.swift in Sources */ = {isa = PBXBuildFile; fileRef = 4A1B41BB23271AF6001ED374 /* HeaderViewController.swift */; };
		4A1B41C623271AF7001ED374 /* EmptyViewController.swift in Sources */ = {isa = PBXBuildFile; fileRef = 4A1B41BF23271AF6001ED374 /* EmptyViewController.swift */; };
		4A1B41C723271AF7001ED374 /* XLPagerTabStripExampleViewController.swift in Sources */ = {isa = PBXBuildFile; fileRef = 4A1B41C023271AF6001ED374 /* XLPagerTabStripExampleViewController.swift */; };
		4A1B41C923295258001ED374 /* DiscoverPageController.swift in Sources */ = {isa = PBXBuildFile; fileRef = 4A1B41C823295258001ED374 /* DiscoverPageController.swift */; };
		4A1B41CB232952FF001ED374 /* PagerTabController.swift in Sources */ = {isa = PBXBuildFile; fileRef = 4A1B41CA232952FF001ED374 /* PagerTabController.swift */; };
		4A1B41D1232981C0001ED374 /* SignUpPopoverController.swift in Sources */ = {isa = PBXBuildFile; fileRef = 4A1B41D0232981C0001ED374 /* SignUpPopoverController.swift */; };
		4A2419F72491B0D30048D23E /* SignInUpCTAController.swift in Sources */ = {isa = PBXBuildFile; fileRef = 4A2419F62491B0D30048D23E /* SignInUpCTAController.swift */; };
		4A2419F92491B16B0048D23E /* SignInUpCTANode.swift in Sources */ = {isa = PBXBuildFile; fileRef = 4A2419F82491B16B0048D23E /* SignInUpCTANode.swift */; };
		4A241DAD21418D59001DD423 /* PinterestLayout.swift in Sources */ = {isa = PBXBuildFile; fileRef = 4A241DAC21418D59001DD423 /* PinterestLayout.swift */; };
		4A26043A214350D900079F3B /* Main.storyboard in Resources */ = {isa = PBXBuildFile; fileRef = 4A260439214350D900079F3B /* Main.storyboard */; };
		4A2604462144520F00079F3B /* Post.swift in Sources */ = {isa = PBXBuildFile; fileRef = 4A2604452144520F00079F3B /* Post.swift */; };
		4A2604482144521600079F3B /* UserObject.swift in Sources */ = {isa = PBXBuildFile; fileRef = 4A2604472144521600079F3B /* UserObject.swift */; };
		4A2604572144524C00079F3B /* FeedApi.swift in Sources */ = {isa = PBXBuildFile; fileRef = 4A26044A2144524A00079F3B /* FeedApi.swift */; };
		4A2604582144524C00079F3B /* Api.swift in Sources */ = {isa = PBXBuildFile; fileRef = 4A26044B2144524A00079F3B /* Api.swift */; };
		4A2604592144524C00079F3B /* UserApi.swift in Sources */ = {isa = PBXBuildFile; fileRef = 4A26044C2144524A00079F3B /* UserApi.swift */; };
		4A26045A2144524C00079F3B /* AuthService.swift in Sources */ = {isa = PBXBuildFile; fileRef = 4A26044D2144524A00079F3B /* AuthService.swift */; };
		4A26045C2144524C00079F3B /* Config.swift in Sources */ = {isa = PBXBuildFile; fileRef = 4A26044F2144524B00079F3B /* Config.swift */; };
		4A26045E2144524C00079F3B /* Post_CommentApi.swift in Sources */ = {isa = PBXBuildFile; fileRef = 4A2604512144524B00079F3B /* Post_CommentApi.swift */; };
		4A2604602144524C00079F3B /* HashTagApi.swift in Sources */ = {isa = PBXBuildFile; fileRef = 4A2604532144524B00079F3B /* HashTagApi.swift */; };
		4A2604612144524C00079F3B /* HelperService.swift in Sources */ = {isa = PBXBuildFile; fileRef = 4A2604542144524B00079F3B /* HelperService.swift */; };
		4A2604622144524C00079F3B /* MyPostsApi.swift in Sources */ = {isa = PBXBuildFile; fileRef = 4A2604552144524B00079F3B /* MyPostsApi.swift */; };
		4A2604632144524C00079F3B /* PostApi.swift in Sources */ = {isa = PBXBuildFile; fileRef = 4A2604562144524C00079F3B /* PostApi.swift */; };
		4A2924542289FBDD00E64308 /* LivePhotoSelectorController.swift in Sources */ = {isa = PBXBuildFile; fileRef = 4A2924532289FBDD00E64308 /* LivePhotoSelectorController.swift */; };
		4A292456228A07C900E64308 /* PhotoSelectorCell.swift in Sources */ = {isa = PBXBuildFile; fileRef = 4A292455228A07C900E64308 /* PhotoSelectorCell.swift */; };
		4A292458228B539000E64308 /* DiscoverCellNode.swift in Sources */ = {isa = PBXBuildFile; fileRef = 4A292457228B539000E64308 /* DiscoverCellNode.swift */; };
		4A29245C228CE5BB00E64308 /* Modulus-Bold.otf in Resources */ = {isa = PBXBuildFile; fileRef = 4A29245A228CE5BB00E64308 /* Modulus-Bold.otf */; };
		4A29245D228CE5BB00E64308 /* Modulus.ttf in Resources */ = {isa = PBXBuildFile; fileRef = 4A29245B228CE5BB00E64308 /* Modulus.ttf */; };
		4A2FC52922399EA400DD307F /* DetailCellNode.swift in Sources */ = {isa = PBXBuildFile; fileRef = 4A2FC52822399EA400DD307F /* DetailCellNode.swift */; };
		4A34CD32220B845F00784800 /* GlobalVariables.swift in Sources */ = {isa = PBXBuildFile; fileRef = 4A34CD31220B845F00784800 /* GlobalVariables.swift */; };
		4A34CD34220B84BA00784800 /* LivePhotoController.swift in Sources */ = {isa = PBXBuildFile; fileRef = 4A34CD33220B84BA00784800 /* LivePhotoController.swift */; };
		4A387BD922BC4F5E00B737CE /* ProfilePostsVC.swift in Sources */ = {isa = PBXBuildFile; fileRef = 4A387BD822BC4F5E00B737CE /* ProfilePostsVC.swift */; };
		4A387BDB22BC523C00B737CE /* ProfileFavoritesVC.swift in Sources */ = {isa = PBXBuildFile; fileRef = 4A387BDA22BC523C00B737CE /* ProfileFavoritesVC.swift */; };
		4A387BDF22BC658100B737CE /* CollectionPostCellNode.swift in Sources */ = {isa = PBXBuildFile; fileRef = 4A387BDE22BC658100B737CE /* CollectionPostCellNode.swift */; };
		4A3C3282223AB051004A0BDE /* StorageCacheController.swift in Sources */ = {isa = PBXBuildFile; fileRef = 4A3C3281223AB051004A0BDE /* StorageCacheController.swift */; };
		4A421112227A794700D8340B /* FavoritesApi.swift in Sources */ = {isa = PBXBuildFile; fileRef = 4A421111227A794700D8340B /* FavoritesApi.swift */; };
		4A4644F52214FB5B00DB3BAB /* LivePhoto.swift in Sources */ = {isa = PBXBuildFile; fileRef = 4A4644F42214FB5B00DB3BAB /* LivePhoto.swift */; };
		4A4644F72214FC4B00DB3BAB /* AVAsset-extensions.swift in Sources */ = {isa = PBXBuildFile; fileRef = 4A4644F62214FC4B00DB3BAB /* AVAsset-extensions.swift */; };
		4A4644F92214FC5200DB3BAB /* UIViewController-extensions.swift in Sources */ = {isa = PBXBuildFile; fileRef = 4A4644F82214FC5200DB3BAB /* UIViewController-extensions.swift */; };
		4A46824122AB1E05003CB919 /* FilterCellNode.swift in Sources */ = {isa = PBXBuildFile; fileRef = 4A46824022AB1E05003CB919 /* FilterCellNode.swift */; };
		4A46824822B0679B003CB919 /* NewProfileData.swift in Sources */ = {isa = PBXBuildFile; fileRef = 4A46824722B0679B003CB919 /* NewProfileData.swift */; };
		4A4877FB22A82C7500B7CF4D /* FilterNode.swift in Sources */ = {isa = PBXBuildFile; fileRef = 4A4877FA22A82C7500B7CF4D /* FilterNode.swift */; };
		4A4877FD22A831B600B7CF4D /* Filter.swift in Sources */ = {isa = PBXBuildFile; fileRef = 4A4877FC22A831B600B7CF4D /* Filter.swift */; };
		4A4877FF22A8425800B7CF4D /* FilterPickerController.swift in Sources */ = {isa = PBXBuildFile; fileRef = 4A4877FE22A8425800B7CF4D /* FilterPickerController.swift */; };
		4A48A1402386EF5D00898D5F /* HashtagSearchCell.swift in Sources */ = {isa = PBXBuildFile; fileRef = 4A48A13F2386EF5D00898D5F /* HashtagSearchCell.swift */; };
		4A48DB90233EA56200A98CCE /* FollowApi.swift in Sources */ = {isa = PBXBuildFile; fileRef = 4A48DB8F233EA56200A98CCE /* FollowApi.swift */; };
		4A48DB92234145E400A98CCE /* FollowingViewController.swift in Sources */ = {isa = PBXBuildFile; fileRef = 4A48DB91234145E400A98CCE /* FollowingViewController.swift */; };
		4A48DB94234145F800A98CCE /* FollowingSectionController.swift in Sources */ = {isa = PBXBuildFile; fileRef = 4A48DB93234145F800A98CCE /* FollowingSectionController.swift */; };
		4A48DB962341462200A98CCE /* FollowingData.swift in Sources */ = {isa = PBXBuildFile; fileRef = 4A48DB952341462200A98CCE /* FollowingData.swift */; };
		4A589C3923AEAD5A0025202D /* LoopView.swift in Sources */ = {isa = PBXBuildFile; fileRef = 4A589C3823AEAD5A0025202D /* LoopView.swift */; };
		4A5C4A52233C2E5D005DE36A /* SettingsDisplayNode.swift in Sources */ = {isa = PBXBuildFile; fileRef = 4A5C4A51233C2E5D005DE36A /* SettingsDisplayNode.swift */; };
		4A6F5A9A235A247600B92E87 /* SearchBarController.swift in Sources */ = {isa = PBXBuildFile; fileRef = 4A6F5A99235A247600B92E87 /* SearchBarController.swift */; };
		4A83FBE32492ADDF0006110B /* LabelNode.swift in Sources */ = {isa = PBXBuildFile; fileRef = 4A83FBE22492ADDF0006110B /* LabelNode.swift */; };
		4A83FBE5249553C70006110B /* FeedCellOverlay.swift in Sources */ = {isa = PBXBuildFile; fileRef = 4A83FBE4249553C70006110B /* FeedCellOverlay.swift */; };
		4A83FBEA249572EA0006110B /* NewFeedDesignController.swift in Sources */ = {isa = PBXBuildFile; fileRef = 4A83FBE9249572EA0006110B /* NewFeedDesignController.swift */; };
		4A83FBEE2495C4030006110B /* SignInMVPNode.swift in Sources */ = {isa = PBXBuildFile; fileRef = 4A83FBED2495C4030006110B /* SignInMVPNode.swift */; };
		4A83FBF02495C4170006110B /* SignInMVPController.swift in Sources */ = {isa = PBXBuildFile; fileRef = 4A83FBEF2495C4170006110B /* SignInMVPController.swift */; };
		4A83FBF22496C3D50006110B /* CustomNavigationBar.swift in Sources */ = {isa = PBXBuildFile; fileRef = 4A83FBF12496C3D50006110B /* CustomNavigationBar.swift */; };
		4A83FBF42496E2230006110B /* NewFeedDesignNode.swift in Sources */ = {isa = PBXBuildFile; fileRef = 4A83FBF32496E2230006110B /* NewFeedDesignNode.swift */; };
		4A86D28A22AAD8070077CA90 /* FilterPickerNode.swift in Sources */ = {isa = PBXBuildFile; fileRef = 4A86D28922AAD8070077CA90 /* FilterPickerNode.swift */; };
		4A9101E22299FF59009639C4 /* UploadService.swift in Sources */ = {isa = PBXBuildFile; fileRef = 4A9101E12299FF59009639C4 /* UploadService.swift */; };
		4A94BA5A24BBABA800F2DFB3 /* DeleteFilesAPI.swift in Sources */ = {isa = PBXBuildFile; fileRef = 4A94BA5924BBABA800F2DFB3 /* DeleteFilesAPI.swift */; };
		4A9CE9CD2387441E00650435 /* HashtagSearchCellNode.swift in Sources */ = {isa = PBXBuildFile; fileRef = 4A9CE9CC2387441E00650435 /* HashtagSearchCellNode.swift */; };
		4A9CE9CF238745C500650435 /* Hashtag.swift in Sources */ = {isa = PBXBuildFile; fileRef = 4A9CE9CE238745C500650435 /* Hashtag.swift */; };
		4A9CE9D1238785FF00650435 /* NotificationData.swift in Sources */ = {isa = PBXBuildFile; fileRef = 4A9CE9D0238785FF00650435 /* NotificationData.swift */; };
		4A9CE9D3238789B100650435 /* Notification.swift in Sources */ = {isa = PBXBuildFile; fileRef = 4A9CE9D2238789B100650435 /* Notification.swift */; };
		4A9CE9D5238789F000650435 /* NotificationApi.swift in Sources */ = {isa = PBXBuildFile; fileRef = 4A9CE9D4238789F000650435 /* NotificationApi.swift */; };
		4A9CE9D823984E0A00650435 /* GoogleService-Info.plist in Resources */ = {isa = PBXBuildFile; fileRef = 4A9CE9D723984E0A00650435 /* GoogleService-Info.plist */; };
		4A9CE9DA2398B94400650435 /* TextFieldNode.swift in Sources */ = {isa = PBXBuildFile; fileRef = 4A9CE9D92398B94400650435 /* TextFieldNode.swift */; };
		4A9CE9DC2399AED300650435 /* DiscoverStableController.swift in Sources */ = {isa = PBXBuildFile; fileRef = 4A9CE9DB2399AED300650435 /* DiscoverStableController.swift */; };
		4A9CE9DE2399C1F100650435 /* FollowingStableController.swift in Sources */ = {isa = PBXBuildFile; fileRef = 4A9CE9DD2399C1F100650435 /* FollowingStableController.swift */; };
		4A9CE9E0239DD47400650435 /* PushProfileTabController.swift in Sources */ = {isa = PBXBuildFile; fileRef = 4A9CE9DF239DD47400650435 /* PushProfileTabController.swift */; };
		4A9CE9E2239DE30B00650435 /* PushProfilePosts.swift in Sources */ = {isa = PBXBuildFile; fileRef = 4A9CE9E1239DE30B00650435 /* PushProfilePosts.swift */; };
		4A9CE9E4239DE31E00650435 /* PushProfileFavs.swift in Sources */ = {isa = PBXBuildFile; fileRef = 4A9CE9E3239DE31E00650435 /* PushProfileFavs.swift */; };
		4A9CE9E6239DE33900650435 /* PushProfileData.swift in Sources */ = {isa = PBXBuildFile; fileRef = 4A9CE9E5239DE33900650435 /* PushProfileData.swift */; };
		4A9EE6902491634A0006B365 /* SignUpPopoverMVP.swift in Sources */ = {isa = PBXBuildFile; fileRef = 4A9EE68F2491634A0006B365 /* SignUpPopoverMVP.swift */; };
		4A9EE692249164740006B365 /* SignUpPopoverMVPNode.swift in Sources */ = {isa = PBXBuildFile; fileRef = 4A9EE691249164740006B365 /* SignUpPopoverMVPNode.swift */; };
		4AAF5D782364FB68000551F2 /* SignUpDisplayController.swift in Sources */ = {isa = PBXBuildFile; fileRef = 4AAF5D772364FB68000551F2 /* SignUpDisplayController.swift */; };
		4AAF5D7B23666DF0000551F2 /* HashtagCell.swift in Sources */ = {isa = PBXBuildFile; fileRef = 4AAF5D7A23666DF0000551F2 /* HashtagCell.swift */; };
		4AAF5D7E236740D7000551F2 /* NotificationController.swift in Sources */ = {isa = PBXBuildFile; fileRef = 4AAF5D7D236740D7000551F2 /* NotificationController.swift */; };
		4AAF5D80236740E3000551F2 /* NotificationTabController.swift in Sources */ = {isa = PBXBuildFile; fileRef = 4AAF5D7F236740E3000551F2 /* NotificationTabController.swift */; };
		4AAF5D822367422D000551F2 /* NotificationTableNodeCell.swift in Sources */ = {isa = PBXBuildFile; fileRef = 4AAF5D812367422D000551F2 /* NotificationTableNodeCell.swift */; };
		4AAF5D8423674293000551F2 /* NotificationTableController.swift in Sources */ = {isa = PBXBuildFile; fileRef = 4AAF5D8323674293000551F2 /* NotificationTableController.swift */; };
		4AAF5D86236F33A2000551F2 /* TabBarNodeController.swift in Sources */ = {isa = PBXBuildFile; fileRef = 4AAF5D85236F33A2000551F2 /* TabBarNodeController.swift */; };
		4AAF5D88236F50AE000551F2 /* EmptyHeader.swift in Sources */ = {isa = PBXBuildFile; fileRef = 4AAF5D87236F50AE000551F2 /* EmptyHeader.swift */; };
		4AAF5D8B237DCC6D000551F2 /* EditProfileNode.swift in Sources */ = {isa = PBXBuildFile; fileRef = 4AAF5D8A237DCC6D000551F2 /* EditProfileNode.swift */; };
		4AB08138248F110500B16810 /* BasicSearchController.swift in Sources */ = {isa = PBXBuildFile; fileRef = 4AB08137248F110500B16810 /* BasicSearchController.swift */; };
		4AB64CE922DD426B00B51F27 /* KFImageNode.swift in Sources */ = {isa = PBXBuildFile; fileRef = 4AB64CE822DD426B00B51F27 /* KFImageNode.swift */; };
		4AC165AC220DFD4E00E2402E /* AnimatedImage.swift in Sources */ = {isa = PBXBuildFile; fileRef = 4AC165AB220DFD4E00E2402E /* AnimatedImage.swift */; };
		4AC2DC5C249A82F400D7304D /* NewFeedCellOverlay.swift in Sources */ = {isa = PBXBuildFile; fileRef = 4AC2DC5B249A82F400D7304D /* NewFeedCellOverlay.swift */; };
		4AC2DC5E249A8A5C00D7304D /* NewDiscoverFullCell.swift in Sources */ = {isa = PBXBuildFile; fileRef = 4AC2DC5D249A8A5C00D7304D /* NewDiscoverFullCell.swift */; };
		4AC6E79A23AA951800189A42 /* PostManager.swift in Sources */ = {isa = PBXBuildFile; fileRef = 4AC6E79923AA951800189A42 /* PostManager.swift */; };
		4AC6E79C23AA968100189A42 /* VideoCompressionWrapper.swift in Sources */ = {isa = PBXBuildFile; fileRef = 4AC6E79B23AA968100189A42 /* VideoCompressionWrapper.swift */; };
		4AC6E79E23ABE60A00189A42 /* ZoomView.swift in Sources */ = {isa = PBXBuildFile; fileRef = 4AC6E79D23ABE60A00189A42 /* ZoomView.swift */; };
		4ACCCEE523A6A0C70049C0EE /* WorkLivePhoto.swift in Sources */ = {isa = PBXBuildFile; fileRef = 4ACCCEE423A6A0C70049C0EE /* WorkLivePhoto.swift */; };
		4ACCCEE723A6C7B70049C0EE /* EditProfileScrollController.swift in Sources */ = {isa = PBXBuildFile; fileRef = 4ACCCEE623A6C7B70049C0EE /* EditProfileScrollController.swift */; };
		4ACCCEE923A7FFFA0049C0EE /* EditProfileScrollNode.swift in Sources */ = {isa = PBXBuildFile; fileRef = 4ACCCEE823A7FFFA0049C0EE /* EditProfileScrollNode.swift */; };
		4AD6582F213886B400D4F1B4 /* AppDelegate.swift in Sources */ = {isa = PBXBuildFile; fileRef = 4AD6582E213886B400D4F1B4 /* AppDelegate.swift */; };
		4AD65836213886B700D4F1B4 /* Assets.xcassets in Resources */ = {isa = PBXBuildFile; fileRef = 4AD65835213886B700D4F1B4 /* Assets.xcassets */; };
		4AD65839213886B700D4F1B4 /* LaunchScreen.storyboard in Resources */ = {isa = PBXBuildFile; fileRef = 4AD65837213886B700D4F1B4 /* LaunchScreen.storyboard */; };
		4ADB2892226B9B8B005DEDBA /* ProfileHeaderNode.swift in Sources */ = {isa = PBXBuildFile; fileRef = 4ADB2891226B9B8B005DEDBA /* ProfileHeaderNode.swift */; };
		4ADB2894226D5A03005DEDBA /* SettingsController.swift in Sources */ = {isa = PBXBuildFile; fileRef = 4ADB2893226D5A03005DEDBA /* SettingsController.swift */; };
		4ADB2896226D5A2E005DEDBA /* CompressionController.swift in Sources */ = {isa = PBXBuildFile; fileRef = 4ADB2895226D5A2E005DEDBA /* CompressionController.swift */; };
		4ADB572A228F49A300F1D61F /* ActiveTextNode.swift in Sources */ = {isa = PBXBuildFile; fileRef = 4ADB5729228F49A300F1D61F /* ActiveTextNode.swift */; };
		4ADB572C2294DCCE00F1D61F /* EditProfileViewController.swift in Sources */ = {isa = PBXBuildFile; fileRef = 4ADB572B2294DCCE00F1D61F /* EditProfileViewController.swift */; };
		4AE1C378213DE80F000EEB0A /* TabBarViewController.swift in Sources */ = {isa = PBXBuildFile; fileRef = 4AE1C377213DE80F000EEB0A /* TabBarViewController.swift */; };
		4AE1C382213DFD58000EEB0A /* Extensions.swift in Sources */ = {isa = PBXBuildFile; fileRef = 4AE1C381213DFD58000EEB0A /* Extensions.swift */; };
		4AF8D1BB232BFCA200F1206F /* PushProfileViewController.swift in Sources */ = {isa = PBXBuildFile; fileRef = 4AF8D1BA232BFCA200F1206F /* PushProfileViewController.swift */; };
		4AF8D1BD232BFCB000F1206F /* PushProfileHeader.swift in Sources */ = {isa = PBXBuildFile; fileRef = 4AF8D1BC232BFCB000F1206F /* PushProfileHeader.swift */; };
		4AF8D1C02331699C00F1206F /* NewHashtagViewController.swift in Sources */ = {isa = PBXBuildFile; fileRef = 4AF8D1BF2331699C00F1206F /* NewHashtagViewController.swift */; };
		4AF8D1C223316A2C00F1206F /* HashtagSectionController.swift in Sources */ = {isa = PBXBuildFile; fileRef = 4AF8D1C123316A2C00F1206F /* HashtagSectionController.swift */; };
		4AF8D1C423316A4600F1206F /* HashtagData.swift in Sources */ = {isa = PBXBuildFile; fileRef = 4AF8D1C323316A4600F1206F /* HashtagData.swift */; };
		4AF8D1C62332A79000F1206F /* HashtagCellNode.swift in Sources */ = {isa = PBXBuildFile; fileRef = 4AF8D1C52332A79000F1206F /* HashtagCellNode.swift */; };
		4AFB2E0D214089890000D97D /* FeedItem.swift in Sources */ = {isa = PBXBuildFile; fileRef = 4AFB2E0C214089890000D97D /* FeedItem.swift */; };
		4AFD114222FB6BB300C6C108 /* OnBoardingController.swift in Sources */ = {isa = PBXBuildFile; fileRef = 4AFD114122FB6BB300C6C108 /* OnBoardingController.swift */; };
		A761B03E5CCA844595CA8C1D /* Pods_BlastVideo.framework in Frameworks */ = {isa = PBXBuildFile; fileRef = 21C3BA9E25A9B958D7977D52 /* Pods_BlastVideo.framework */; };
/* End PBXBuildFile section */

/* Begin PBXFileReference section */
		21C3BA9E25A9B958D7977D52 /* Pods_BlastVideo.framework */ = {isa = PBXFileReference; explicitFileType = wrapper.framework; includeInIndex = 0; path = Pods_BlastVideo.framework; sourceTree = BUILT_PRODUCTS_DIR; };
		326508F62E2033E2AB4776F6 /* Pods-BlastVideo.debug.xcconfig */ = {isa = PBXFileReference; includeInIndex = 1; lastKnownFileType = text.xcconfig; name = "Pods-BlastVideo.debug.xcconfig"; path = "Pods/Target Support Files/Pods-BlastVideo/Pods-BlastVideo.debug.xcconfig"; sourceTree = "<group>"; };
		4A00F21D22810E6400EB5309 /* FeedLayout.swift */ = {isa = PBXFileReference; lastKnownFileType = sourcecode.swift; path = FeedLayout.swift; sourceTree = "<group>"; };
		4A00F22022825DA100EB5309 /* EditPhotoViewController.swift */ = {isa = PBXFileReference; lastKnownFileType = sourcecode.swift; path = EditPhotoViewController.swift; sourceTree = "<group>"; };
		4A00F2222282727500EB5309 /* EditPhotoNode.swift */ = {isa = PBXFileReference; lastKnownFileType = sourcecode.swift; path = EditPhotoNode.swift; sourceTree = "<group>"; };
		4A00F224228361E900EB5309 /* LivePhotoNode.swift */ = {isa = PBXFileReference; lastKnownFileType = sourcecode.swift; path = LivePhotoNode.swift; sourceTree = "<group>"; };
		4A03B9C9215574FB00A938F7 /* DetailController.swift */ = {isa = PBXFileReference; lastKnownFileType = sourcecode.swift; path = DetailController.swift; sourceTree = "<group>"; };
		4A03B9CC2155773000A938F7 /* MosaicCollectionViewLayout.swift */ = {isa = PBXFileReference; fileEncoding = 4; lastKnownFileType = sourcecode.swift; path = MosaicCollectionViewLayout.swift; sourceTree = "<group>"; };
		4A03B9D02155774400A938F7 /* DiscoverViewNodeController.swift */ = {isa = PBXFileReference; fileEncoding = 4; lastKnownFileType = sourcecode.swift; path = DiscoverViewNodeController.swift; sourceTree = "<group>"; };
		4A040EDF229B76BF0020020F /* HashtagViewController.swift */ = {isa = PBXFileReference; lastKnownFileType = sourcecode.swift; path = HashtagViewController.swift; sourceTree = "<group>"; };
		4A040EE722A064720020020F /* DiscoverData.swift */ = {isa = PBXFileReference; lastKnownFileType = sourcecode.swift; path = DiscoverData.swift; sourceTree = "<group>"; };
		4A040EEA22A1A7230020020F /* DiscoverTestController.swift */ = {isa = PBXFileReference; lastKnownFileType = sourcecode.swift; path = DiscoverTestController.swift; sourceTree = "<group>"; };
		4A040EF222A1B2EF0020020F /* FeedSectionController.swift */ = {isa = PBXFileReference; lastKnownFileType = sourcecode.swift; path = FeedSectionController.swift; sourceTree = "<group>"; };
		4A040EF422A2EC140020020F /* IGListKit.framework */ = {isa = PBXFileReference; explicitFileType = wrapper.framework; path = IGListKit.framework; sourceTree = BUILT_PRODUCTS_DIR; };
		4A0C430D23A1C4FA00F10A46 /* DiscoverFullCell.swift */ = {isa = PBXFileReference; lastKnownFileType = sourcecode.swift; path = DiscoverFullCell.swift; sourceTree = "<group>"; };
		4A0D3F902345996800280E51 /* InviteController.swift */ = {isa = PBXFileReference; lastKnownFileType = sourcecode.swift; path = InviteController.swift; sourceTree = "<group>"; };
		4A0D3F9223459AC100280E51 /* InviteNode.swift */ = {isa = PBXFileReference; lastKnownFileType = sourcecode.swift; path = InviteNode.swift; sourceTree = "<group>"; };
		4A0D3F942348053B00280E51 /* PrivacyController.swift */ = {isa = PBXFileReference; lastKnownFileType = sourcecode.swift; path = PrivacyController.swift; sourceTree = "<group>"; };
		4A0D3F962348055C00280E51 /* PrivacyNode.swift */ = {isa = PBXFileReference; lastKnownFileType = sourcecode.swift; path = PrivacyNode.swift; sourceTree = "<group>"; };
		4A0D3F982348064600280E51 /* NotificationSettingController.swift */ = {isa = PBXFileReference; lastKnownFileType = sourcecode.swift; path = NotificationSettingController.swift; sourceTree = "<group>"; };
		4A0D3F9A2348065400280E51 /* NotificationSettingNode.swift */ = {isa = PBXFileReference; lastKnownFileType = sourcecode.swift; path = NotificationSettingNode.swift; sourceTree = "<group>"; };
		4A0D3F9C234806C700280E51 /* FollowAndInviteController.swift */ = {isa = PBXFileReference; lastKnownFileType = sourcecode.swift; path = FollowAndInviteController.swift; sourceTree = "<group>"; };
		4A0D3F9E234806D700280E51 /* FollowAndInviteNode.swift */ = {isa = PBXFileReference; lastKnownFileType = sourcecode.swift; path = FollowAndInviteNode.swift; sourceTree = "<group>"; };
		4A0D3FA0234806E700280E51 /* AboutController.swift */ = {isa = PBXFileReference; lastKnownFileType = sourcecode.swift; path = AboutController.swift; sourceTree = "<group>"; };
		4A0D3FA2234806F400280E51 /* AboutNode.swift */ = {isa = PBXFileReference; lastKnownFileType = sourcecode.swift; path = AboutNode.swift; sourceTree = "<group>"; };
		4A0D3FA42348070300280E51 /* HelpController.swift */ = {isa = PBXFileReference; lastKnownFileType = sourcecode.swift; path = HelpController.swift; sourceTree = "<group>"; };
		4A0D3FA62348071200280E51 /* HelpNode.swift */ = {isa = PBXFileReference; lastKnownFileType = sourcecode.swift; path = HelpNode.swift; sourceTree = "<group>"; };
		4A0D3FAA234A799F00280E51 /* SignUpNode.swift */ = {isa = PBXFileReference; lastKnownFileType = sourcecode.swift; path = SignUpNode.swift; sourceTree = "<group>"; };
		4A0D3FAC234A79AD00280E51 /* SignInNode.swift */ = {isa = PBXFileReference; lastKnownFileType = sourcecode.swift; path = SignInNode.swift; sourceTree = "<group>"; };
		4A0FE66D22627D2700724A56 /* ProfileDataController.swift */ = {isa = PBXFileReference; lastKnownFileType = sourcecode.swift; path = ProfileDataController.swift; sourceTree = "<group>"; };
		4A0FE67222653C2200724A56 /* ProfileViewController.swift */ = {isa = PBXFileReference; lastKnownFileType = sourcecode.swift; path = ProfileViewController.swift; sourceTree = "<group>"; };
		4A0FE6742265526F00724A56 /* ProfilePostsLayout.swift */ = {isa = PBXFileReference; lastKnownFileType = sourcecode.swift; path = ProfilePostsLayout.swift; sourceTree = "<group>"; };
		4A100E5E235A5FBD00AD6CB1 /* SearchTableViewCell.swift */ = {isa = PBXFileReference; lastKnownFileType = sourcecode.swift; path = SearchTableViewCell.swift; sourceTree = "<group>"; };
		4A100E60235CE2CC00AD6CB1 /* SearchBarCustomController.swift */ = {isa = PBXFileReference; lastKnownFileType = sourcecode.swift; path = SearchBarCustomController.swift; sourceTree = "<group>"; };
		4A100E632362586000AD6CB1 /* ProfileNotSignedInController.swift */ = {isa = PBXFileReference; lastKnownFileType = sourcecode.swift; path = ProfileNotSignedInController.swift; sourceTree = "<group>"; };
		4A100E652362589600AD6CB1 /* NotificationNotSignedInController.swift */ = {isa = PBXFileReference; lastKnownFileType = sourcecode.swift; path = NotificationNotSignedInController.swift; sourceTree = "<group>"; };
		4A100E67236258A800AD6CB1 /* CameraNotSignInController.swift */ = {isa = PBXFileReference; lastKnownFileType = sourcecode.swift; path = CameraNotSignInController.swift; sourceTree = "<group>"; };
		4A100E692363833C00AD6CB1 /* SignInDisplayController.swift */ = {isa = PBXFileReference; lastKnownFileType = sourcecode.swift; path = SignInDisplayController.swift; sourceTree = "<group>"; };
		4A1B41A62321B2DF001ED374 /* ProfileHeaderController.swift */ = {isa = PBXFileReference; lastKnownFileType = sourcecode.swift; path = ProfileHeaderController.swift; sourceTree = "<group>"; };
		4A1B41A82321C16B001ED374 /* NavigationBarNode.swift */ = {isa = PBXFileReference; lastKnownFileType = sourcecode.swift; path = NavigationBarNode.swift; sourceTree = "<group>"; };
		4A1B41BB23271AF6001ED374 /* HeaderViewController.swift */ = {isa = PBXFileReference; fileEncoding = 4; lastKnownFileType = sourcecode.swift; path = HeaderViewController.swift; sourceTree = "<group>"; };
		4A1B41BF23271AF6001ED374 /* EmptyViewController.swift */ = {isa = PBXFileReference; fileEncoding = 4; lastKnownFileType = sourcecode.swift; path = EmptyViewController.swift; sourceTree = "<group>"; };
		4A1B41C023271AF6001ED374 /* XLPagerTabStripExampleViewController.swift */ = {isa = PBXFileReference; fileEncoding = 4; lastKnownFileType = sourcecode.swift; path = XLPagerTabStripExampleViewController.swift; sourceTree = "<group>"; };
		4A1B41C823295258001ED374 /* DiscoverPageController.swift */ = {isa = PBXFileReference; lastKnownFileType = sourcecode.swift; path = DiscoverPageController.swift; sourceTree = "<group>"; };
		4A1B41CA232952FF001ED374 /* PagerTabController.swift */ = {isa = PBXFileReference; lastKnownFileType = sourcecode.swift; path = PagerTabController.swift; sourceTree = "<group>"; };
		4A1B41D0232981C0001ED374 /* SignUpPopoverController.swift */ = {isa = PBXFileReference; lastKnownFileType = sourcecode.swift; path = SignUpPopoverController.swift; sourceTree = "<group>"; };
		4A2419F62491B0D30048D23E /* SignInUpCTAController.swift */ = {isa = PBXFileReference; lastKnownFileType = sourcecode.swift; path = SignInUpCTAController.swift; sourceTree = "<group>"; };
		4A2419F82491B16B0048D23E /* SignInUpCTANode.swift */ = {isa = PBXFileReference; lastKnownFileType = sourcecode.swift; path = SignInUpCTANode.swift; sourceTree = "<group>"; };
		4A241DAC21418D59001DD423 /* PinterestLayout.swift */ = {isa = PBXFileReference; lastKnownFileType = sourcecode.swift; path = PinterestLayout.swift; sourceTree = "<group>"; };
		4A260439214350D900079F3B /* Main.storyboard */ = {isa = PBXFileReference; fileEncoding = 4; lastKnownFileType = file.storyboard; path = Main.storyboard; sourceTree = "<group>"; };
		4A2604452144520F00079F3B /* Post.swift */ = {isa = PBXFileReference; fileEncoding = 4; lastKnownFileType = sourcecode.swift; path = Post.swift; sourceTree = "<group>"; };
		4A2604472144521600079F3B /* UserObject.swift */ = {isa = PBXFileReference; fileEncoding = 4; lastKnownFileType = sourcecode.swift; path = UserObject.swift; sourceTree = "<group>"; };
		4A26044A2144524A00079F3B /* FeedApi.swift */ = {isa = PBXFileReference; fileEncoding = 4; lastKnownFileType = sourcecode.swift; path = FeedApi.swift; sourceTree = "<group>"; };
		4A26044B2144524A00079F3B /* Api.swift */ = {isa = PBXFileReference; fileEncoding = 4; lastKnownFileType = sourcecode.swift; path = Api.swift; sourceTree = "<group>"; };
		4A26044C2144524A00079F3B /* UserApi.swift */ = {isa = PBXFileReference; fileEncoding = 4; lastKnownFileType = sourcecode.swift; path = UserApi.swift; sourceTree = "<group>"; };
		4A26044D2144524A00079F3B /* AuthService.swift */ = {isa = PBXFileReference; fileEncoding = 4; lastKnownFileType = sourcecode.swift; path = AuthService.swift; sourceTree = "<group>"; };
		4A26044F2144524B00079F3B /* Config.swift */ = {isa = PBXFileReference; fileEncoding = 4; lastKnownFileType = sourcecode.swift; path = Config.swift; sourceTree = "<group>"; };
		4A2604512144524B00079F3B /* Post_CommentApi.swift */ = {isa = PBXFileReference; fileEncoding = 4; lastKnownFileType = sourcecode.swift; path = Post_CommentApi.swift; sourceTree = "<group>"; };
		4A2604532144524B00079F3B /* HashTagApi.swift */ = {isa = PBXFileReference; fileEncoding = 4; lastKnownFileType = sourcecode.swift; path = HashTagApi.swift; sourceTree = "<group>"; };
		4A2604542144524B00079F3B /* HelperService.swift */ = {isa = PBXFileReference; fileEncoding = 4; lastKnownFileType = sourcecode.swift; path = HelperService.swift; sourceTree = "<group>"; };
		4A2604552144524B00079F3B /* MyPostsApi.swift */ = {isa = PBXFileReference; fileEncoding = 4; lastKnownFileType = sourcecode.swift; path = MyPostsApi.swift; sourceTree = "<group>"; };
		4A2604562144524C00079F3B /* PostApi.swift */ = {isa = PBXFileReference; fileEncoding = 4; lastKnownFileType = sourcecode.swift; path = PostApi.swift; sourceTree = "<group>"; };
		4A2924532289FBDD00E64308 /* LivePhotoSelectorController.swift */ = {isa = PBXFileReference; lastKnownFileType = sourcecode.swift; path = LivePhotoSelectorController.swift; sourceTree = "<group>"; };
		4A292455228A07C900E64308 /* PhotoSelectorCell.swift */ = {isa = PBXFileReference; fileEncoding = 4; lastKnownFileType = sourcecode.swift; path = PhotoSelectorCell.swift; sourceTree = "<group>"; };
		4A292457228B539000E64308 /* DiscoverCellNode.swift */ = {isa = PBXFileReference; lastKnownFileType = sourcecode.swift; path = DiscoverCellNode.swift; sourceTree = "<group>"; };
		4A29245A228CE5BB00E64308 /* Modulus-Bold.otf */ = {isa = PBXFileReference; lastKnownFileType = file; path = "Modulus-Bold.otf"; sourceTree = "<group>"; };
		4A29245B228CE5BB00E64308 /* Modulus.ttf */ = {isa = PBXFileReference; lastKnownFileType = file; path = Modulus.ttf; sourceTree = "<group>"; };
		4A2FC52822399EA400DD307F /* DetailCellNode.swift */ = {isa = PBXFileReference; lastKnownFileType = sourcecode.swift; path = DetailCellNode.swift; sourceTree = "<group>"; };
		4A34CD31220B845F00784800 /* GlobalVariables.swift */ = {isa = PBXFileReference; lastKnownFileType = sourcecode.swift; path = GlobalVariables.swift; sourceTree = "<group>"; };
		4A34CD33220B84BA00784800 /* LivePhotoController.swift */ = {isa = PBXFileReference; lastKnownFileType = sourcecode.swift; name = LivePhotoController.swift; path = "Upload Section/LivePhotoController.swift"; sourceTree = "<group>"; };
		4A387BD822BC4F5E00B737CE /* ProfilePostsVC.swift */ = {isa = PBXFileReference; lastKnownFileType = sourcecode.swift; path = ProfilePostsVC.swift; sourceTree = "<group>"; };
		4A387BDA22BC523C00B737CE /* ProfileFavoritesVC.swift */ = {isa = PBXFileReference; lastKnownFileType = sourcecode.swift; path = ProfileFavoritesVC.swift; sourceTree = "<group>"; };
		4A387BDE22BC658100B737CE /* CollectionPostCellNode.swift */ = {isa = PBXFileReference; fileEncoding = 4; lastKnownFileType = sourcecode.swift; name = CollectionPostCellNode.swift; path = BlastVideo/Cells/CollectionPostCellNode.swift; sourceTree = SOURCE_ROOT; };
		4A3C3281223AB051004A0BDE /* StorageCacheController.swift */ = {isa = PBXFileReference; lastKnownFileType = sourcecode.swift; path = StorageCacheController.swift; sourceTree = "<group>"; };
		4A421111227A794700D8340B /* FavoritesApi.swift */ = {isa = PBXFileReference; lastKnownFileType = sourcecode.swift; path = FavoritesApi.swift; sourceTree = "<group>"; };
		4A4644F42214FB5B00DB3BAB /* LivePhoto.swift */ = {isa = PBXFileReference; fileEncoding = 4; lastKnownFileType = sourcecode.swift; path = LivePhoto.swift; sourceTree = "<group>"; };
		4A4644F62214FC4B00DB3BAB /* AVAsset-extensions.swift */ = {isa = PBXFileReference; fileEncoding = 4; lastKnownFileType = sourcecode.swift; path = "AVAsset-extensions.swift"; sourceTree = "<group>"; };
		4A4644F82214FC5200DB3BAB /* UIViewController-extensions.swift */ = {isa = PBXFileReference; fileEncoding = 4; lastKnownFileType = sourcecode.swift; path = "UIViewController-extensions.swift"; sourceTree = "<group>"; };
		4A46824022AB1E05003CB919 /* FilterCellNode.swift */ = {isa = PBXFileReference; lastKnownFileType = sourcecode.swift; path = FilterCellNode.swift; sourceTree = "<group>"; };
		4A46824722B0679B003CB919 /* NewProfileData.swift */ = {isa = PBXFileReference; lastKnownFileType = sourcecode.swift; path = NewProfileData.swift; sourceTree = "<group>"; };
		4A4877FA22A82C7500B7CF4D /* FilterNode.swift */ = {isa = PBXFileReference; lastKnownFileType = sourcecode.swift; path = FilterNode.swift; sourceTree = "<group>"; };
		4A4877FC22A831B600B7CF4D /* Filter.swift */ = {isa = PBXFileReference; lastKnownFileType = sourcecode.swift; path = Filter.swift; sourceTree = "<group>"; };
		4A4877FE22A8425800B7CF4D /* FilterPickerController.swift */ = {isa = PBXFileReference; lastKnownFileType = sourcecode.swift; path = FilterPickerController.swift; sourceTree = "<group>"; };
		4A48A13F2386EF5D00898D5F /* HashtagSearchCell.swift */ = {isa = PBXFileReference; lastKnownFileType = sourcecode.swift; path = HashtagSearchCell.swift; sourceTree = "<group>"; };
		4A48DB8F233EA56200A98CCE /* FollowApi.swift */ = {isa = PBXFileReference; fileEncoding = 4; lastKnownFileType = sourcecode.swift; path = FollowApi.swift; sourceTree = "<group>"; };
		4A48DB91234145E400A98CCE /* FollowingViewController.swift */ = {isa = PBXFileReference; lastKnownFileType = sourcecode.swift; path = FollowingViewController.swift; sourceTree = "<group>"; };
		4A48DB93234145F800A98CCE /* FollowingSectionController.swift */ = {isa = PBXFileReference; lastKnownFileType = sourcecode.swift; path = FollowingSectionController.swift; sourceTree = "<group>"; };
		4A48DB952341462200A98CCE /* FollowingData.swift */ = {isa = PBXFileReference; lastKnownFileType = sourcecode.swift; path = FollowingData.swift; sourceTree = "<group>"; };
		4A589C3823AEAD5A0025202D /* LoopView.swift */ = {isa = PBXFileReference; lastKnownFileType = sourcecode.swift; path = LoopView.swift; sourceTree = "<group>"; };
		4A5C4A51233C2E5D005DE36A /* SettingsDisplayNode.swift */ = {isa = PBXFileReference; lastKnownFileType = sourcecode.swift; path = SettingsDisplayNode.swift; sourceTree = "<group>"; };
		4A6F5A99235A247600B92E87 /* SearchBarController.swift */ = {isa = PBXFileReference; lastKnownFileType = sourcecode.swift; path = SearchBarController.swift; sourceTree = "<group>"; };
		4A83FBE22492ADDF0006110B /* LabelNode.swift */ = {isa = PBXFileReference; lastKnownFileType = sourcecode.swift; path = LabelNode.swift; sourceTree = "<group>"; };
		4A83FBE4249553C70006110B /* FeedCellOverlay.swift */ = {isa = PBXFileReference; lastKnownFileType = sourcecode.swift; path = FeedCellOverlay.swift; sourceTree = "<group>"; };
		4A83FBE9249572EA0006110B /* NewFeedDesignController.swift */ = {isa = PBXFileReference; lastKnownFileType = sourcecode.swift; path = NewFeedDesignController.swift; sourceTree = "<group>"; };
		4A83FBED2495C4030006110B /* SignInMVPNode.swift */ = {isa = PBXFileReference; lastKnownFileType = sourcecode.swift; path = SignInMVPNode.swift; sourceTree = "<group>"; };
		4A83FBEF2495C4170006110B /* SignInMVPController.swift */ = {isa = PBXFileReference; lastKnownFileType = sourcecode.swift; path = SignInMVPController.swift; sourceTree = "<group>"; };
		4A83FBF12496C3D50006110B /* CustomNavigationBar.swift */ = {isa = PBXFileReference; lastKnownFileType = sourcecode.swift; path = CustomNavigationBar.swift; sourceTree = "<group>"; };
		4A83FBF32496E2230006110B /* NewFeedDesignNode.swift */ = {isa = PBXFileReference; lastKnownFileType = sourcecode.swift; path = NewFeedDesignNode.swift; sourceTree = "<group>"; };
		4A86D28922AAD8070077CA90 /* FilterPickerNode.swift */ = {isa = PBXFileReference; lastKnownFileType = sourcecode.swift; path = FilterPickerNode.swift; sourceTree = "<group>"; };
		4A9101E12299FF59009639C4 /* UploadService.swift */ = {isa = PBXFileReference; lastKnownFileType = sourcecode.swift; path = UploadService.swift; sourceTree = "<group>"; };
		4A94BA5924BBABA800F2DFB3 /* DeleteFilesAPI.swift */ = {isa = PBXFileReference; lastKnownFileType = sourcecode.swift; path = DeleteFilesAPI.swift; sourceTree = "<group>"; };
		4A9CE9CC2387441E00650435 /* HashtagSearchCellNode.swift */ = {isa = PBXFileReference; lastKnownFileType = sourcecode.swift; path = HashtagSearchCellNode.swift; sourceTree = "<group>"; };
		4A9CE9CE238745C500650435 /* Hashtag.swift */ = {isa = PBXFileReference; lastKnownFileType = sourcecode.swift; path = Hashtag.swift; sourceTree = "<group>"; };
		4A9CE9D0238785FF00650435 /* NotificationData.swift */ = {isa = PBXFileReference; lastKnownFileType = sourcecode.swift; path = NotificationData.swift; sourceTree = "<group>"; };
		4A9CE9D2238789B100650435 /* Notification.swift */ = {isa = PBXFileReference; fileEncoding = 4; lastKnownFileType = sourcecode.swift; path = Notification.swift; sourceTree = "<group>"; };
		4A9CE9D4238789F000650435 /* NotificationApi.swift */ = {isa = PBXFileReference; fileEncoding = 4; lastKnownFileType = sourcecode.swift; path = NotificationApi.swift; sourceTree = "<group>"; };
		4A9CE9D623981E4D00650435 /* Art Photography Media.entitlements */ = {isa = PBXFileReference; lastKnownFileType = text.plist.entitlements; path = "Art Photography Media.entitlements"; sourceTree = "<group>"; };
		4A9CE9D723984E0A00650435 /* GoogleService-Info.plist */ = {isa = PBXFileReference; fileEncoding = 4; lastKnownFileType = text.plist.xml; name = "GoogleService-Info.plist"; path = "../../../../Downloads/GoogleService-Info.plist"; sourceTree = "<group>"; };
		4A9CE9D92398B94400650435 /* TextFieldNode.swift */ = {isa = PBXFileReference; lastKnownFileType = sourcecode.swift; path = TextFieldNode.swift; sourceTree = "<group>"; };
		4A9CE9DB2399AED300650435 /* DiscoverStableController.swift */ = {isa = PBXFileReference; lastKnownFileType = sourcecode.swift; path = DiscoverStableController.swift; sourceTree = "<group>"; };
		4A9CE9DD2399C1F100650435 /* FollowingStableController.swift */ = {isa = PBXFileReference; lastKnownFileType = sourcecode.swift; path = FollowingStableController.swift; sourceTree = "<group>"; };
		4A9CE9DF239DD47400650435 /* PushProfileTabController.swift */ = {isa = PBXFileReference; lastKnownFileType = sourcecode.swift; path = PushProfileTabController.swift; sourceTree = "<group>"; };
		4A9CE9E1239DE30B00650435 /* PushProfilePosts.swift */ = {isa = PBXFileReference; lastKnownFileType = sourcecode.swift; path = PushProfilePosts.swift; sourceTree = "<group>"; };
		4A9CE9E3239DE31E00650435 /* PushProfileFavs.swift */ = {isa = PBXFileReference; lastKnownFileType = sourcecode.swift; path = PushProfileFavs.swift; sourceTree = "<group>"; };
		4A9CE9E5239DE33900650435 /* PushProfileData.swift */ = {isa = PBXFileReference; lastKnownFileType = sourcecode.swift; path = PushProfileData.swift; sourceTree = "<group>"; };
		4A9EE68F2491634A0006B365 /* SignUpPopoverMVP.swift */ = {isa = PBXFileReference; lastKnownFileType = sourcecode.swift; path = SignUpPopoverMVP.swift; sourceTree = "<group>"; };
		4A9EE691249164740006B365 /* SignUpPopoverMVPNode.swift */ = {isa = PBXFileReference; lastKnownFileType = sourcecode.swift; path = SignUpPopoverMVPNode.swift; sourceTree = "<group>"; };
		4AAF5D772364FB68000551F2 /* SignUpDisplayController.swift */ = {isa = PBXFileReference; lastKnownFileType = sourcecode.swift; path = SignUpDisplayController.swift; sourceTree = "<group>"; };
		4AAF5D7A23666DF0000551F2 /* HashtagCell.swift */ = {isa = PBXFileReference; lastKnownFileType = sourcecode.swift; path = HashtagCell.swift; sourceTree = "<group>"; };
		4AAF5D7D236740D7000551F2 /* NotificationController.swift */ = {isa = PBXFileReference; lastKnownFileType = sourcecode.swift; path = NotificationController.swift; sourceTree = "<group>"; };
		4AAF5D7F236740E3000551F2 /* NotificationTabController.swift */ = {isa = PBXFileReference; lastKnownFileType = sourcecode.swift; path = NotificationTabController.swift; sourceTree = "<group>"; };
		4AAF5D812367422D000551F2 /* NotificationTableNodeCell.swift */ = {isa = PBXFileReference; lastKnownFileType = sourcecode.swift; path = NotificationTableNodeCell.swift; sourceTree = "<group>"; };
		4AAF5D8323674293000551F2 /* NotificationTableController.swift */ = {isa = PBXFileReference; lastKnownFileType = sourcecode.swift; path = NotificationTableController.swift; sourceTree = "<group>"; };
		4AAF5D85236F33A2000551F2 /* TabBarNodeController.swift */ = {isa = PBXFileReference; lastKnownFileType = sourcecode.swift; path = TabBarNodeController.swift; sourceTree = "<group>"; };
		4AAF5D87236F50AE000551F2 /* EmptyHeader.swift */ = {isa = PBXFileReference; lastKnownFileType = sourcecode.swift; path = EmptyHeader.swift; sourceTree = "<group>"; };
		4AAF5D8A237DCC6D000551F2 /* EditProfileNode.swift */ = {isa = PBXFileReference; lastKnownFileType = sourcecode.swift; path = EditProfileNode.swift; sourceTree = "<group>"; };
		4AB08137248F110500B16810 /* BasicSearchController.swift */ = {isa = PBXFileReference; lastKnownFileType = sourcecode.swift; path = BasicSearchController.swift; sourceTree = "<group>"; };
		4AB64CE822DD426B00B51F27 /* KFImageNode.swift */ = {isa = PBXFileReference; lastKnownFileType = sourcecode.swift; path = KFImageNode.swift; sourceTree = "<group>"; };
		4AC165AB220DFD4E00E2402E /* AnimatedImage.swift */ = {isa = PBXFileReference; fileEncoding = 4; lastKnownFileType = sourcecode.swift; path = AnimatedImage.swift; sourceTree = "<group>"; };
		4AC2DC5B249A82F400D7304D /* NewFeedCellOverlay.swift */ = {isa = PBXFileReference; lastKnownFileType = sourcecode.swift; path = NewFeedCellOverlay.swift; sourceTree = "<group>"; };
		4AC2DC5D249A8A5C00D7304D /* NewDiscoverFullCell.swift */ = {isa = PBXFileReference; lastKnownFileType = sourcecode.swift; path = NewDiscoverFullCell.swift; sourceTree = "<group>"; };
		4AC6E79923AA951800189A42 /* PostManager.swift */ = {isa = PBXFileReference; lastKnownFileType = sourcecode.swift; path = PostManager.swift; sourceTree = "<group>"; };
		4AC6E79B23AA968100189A42 /* VideoCompressionWrapper.swift */ = {isa = PBXFileReference; lastKnownFileType = sourcecode.swift; path = VideoCompressionWrapper.swift; sourceTree = "<group>"; };
		4AC6E79D23ABE60A00189A42 /* ZoomView.swift */ = {isa = PBXFileReference; lastKnownFileType = sourcecode.swift; path = ZoomView.swift; sourceTree = "<group>"; };
		4ACCCEE423A6A0C70049C0EE /* WorkLivePhoto.swift */ = {isa = PBXFileReference; lastKnownFileType = sourcecode.swift; path = WorkLivePhoto.swift; sourceTree = "<group>"; };
		4ACCCEE623A6C7B70049C0EE /* EditProfileScrollController.swift */ = {isa = PBXFileReference; lastKnownFileType = sourcecode.swift; path = EditProfileScrollController.swift; sourceTree = "<group>"; };
		4ACCCEE823A7FFFA0049C0EE /* EditProfileScrollNode.swift */ = {isa = PBXFileReference; lastKnownFileType = sourcecode.swift; path = EditProfileScrollNode.swift; sourceTree = "<group>"; };
		4AD6582B213886B400D4F1B4 /* myLIVE.app */ = {isa = PBXFileReference; explicitFileType = wrapper.application; includeInIndex = 0; path = myLIVE.app; sourceTree = BUILT_PRODUCTS_DIR; };
		4AD6582E213886B400D4F1B4 /* AppDelegate.swift */ = {isa = PBXFileReference; lastKnownFileType = sourcecode.swift; path = AppDelegate.swift; sourceTree = "<group>"; };
		4AD65835213886B700D4F1B4 /* Assets.xcassets */ = {isa = PBXFileReference; lastKnownFileType = folder.assetcatalog; path = Assets.xcassets; sourceTree = "<group>"; };
		4AD65838213886B700D4F1B4 /* Base */ = {isa = PBXFileReference; lastKnownFileType = file.storyboard; name = Base; path = Base.lproj/LaunchScreen.storyboard; sourceTree = "<group>"; };
		4AD6583A213886B700D4F1B4 /* Info.plist */ = {isa = PBXFileReference; lastKnownFileType = text.plist.xml; path = Info.plist; sourceTree = "<group>"; };
		4ADB2891226B9B8B005DEDBA /* ProfileHeaderNode.swift */ = {isa = PBXFileReference; lastKnownFileType = sourcecode.swift; path = ProfileHeaderNode.swift; sourceTree = "<group>"; };
		4ADB2893226D5A03005DEDBA /* SettingsController.swift */ = {isa = PBXFileReference; lastKnownFileType = sourcecode.swift; path = SettingsController.swift; sourceTree = "<group>"; };
		4ADB2895226D5A2E005DEDBA /* CompressionController.swift */ = {isa = PBXFileReference; lastKnownFileType = sourcecode.swift; path = CompressionController.swift; sourceTree = "<group>"; };
		4ADB5729228F49A300F1D61F /* ActiveTextNode.swift */ = {isa = PBXFileReference; lastKnownFileType = sourcecode.swift; path = ActiveTextNode.swift; sourceTree = "<group>"; };
		4ADB572B2294DCCE00F1D61F /* EditProfileViewController.swift */ = {isa = PBXFileReference; lastKnownFileType = sourcecode.swift; path = EditProfileViewController.swift; sourceTree = "<group>"; };
		4AE1C377213DE80F000EEB0A /* TabBarViewController.swift */ = {isa = PBXFileReference; lastKnownFileType = sourcecode.swift; path = TabBarViewController.swift; sourceTree = "<group>"; };
		4AE1C381213DFD58000EEB0A /* Extensions.swift */ = {isa = PBXFileReference; lastKnownFileType = sourcecode.swift; path = Extensions.swift; sourceTree = "<group>"; };
		4AF8D1BA232BFCA200F1206F /* PushProfileViewController.swift */ = {isa = PBXFileReference; lastKnownFileType = sourcecode.swift; path = PushProfileViewController.swift; sourceTree = "<group>"; };
		4AF8D1BC232BFCB000F1206F /* PushProfileHeader.swift */ = {isa = PBXFileReference; lastKnownFileType = sourcecode.swift; path = PushProfileHeader.swift; sourceTree = "<group>"; };
		4AF8D1BF2331699C00F1206F /* NewHashtagViewController.swift */ = {isa = PBXFileReference; lastKnownFileType = sourcecode.swift; path = NewHashtagViewController.swift; sourceTree = "<group>"; };
		4AF8D1C123316A2C00F1206F /* HashtagSectionController.swift */ = {isa = PBXFileReference; lastKnownFileType = sourcecode.swift; path = HashtagSectionController.swift; sourceTree = "<group>"; };
		4AF8D1C323316A4600F1206F /* HashtagData.swift */ = {isa = PBXFileReference; lastKnownFileType = sourcecode.swift; path = HashtagData.swift; sourceTree = "<group>"; };
		4AF8D1C52332A79000F1206F /* HashtagCellNode.swift */ = {isa = PBXFileReference; lastKnownFileType = sourcecode.swift; path = HashtagCellNode.swift; sourceTree = "<group>"; };
		4AFB2E0C214089890000D97D /* FeedItem.swift */ = {isa = PBXFileReference; lastKnownFileType = sourcecode.swift; path = FeedItem.swift; sourceTree = "<group>"; };
		4AFD114122FB6BB300C6C108 /* OnBoardingController.swift */ = {isa = PBXFileReference; lastKnownFileType = sourcecode.swift; path = OnBoardingController.swift; sourceTree = "<group>"; };
		DC0BE0AD202139EA994B864A /* Pods-BlastVideo.release.xcconfig */ = {isa = PBXFileReference; includeInIndex = 1; lastKnownFileType = text.xcconfig; name = "Pods-BlastVideo.release.xcconfig"; path = "Pods/Target Support Files/Pods-BlastVideo/Pods-BlastVideo.release.xcconfig"; sourceTree = "<group>"; };
/* End PBXFileReference section */

/* Begin PBXFrameworksBuildPhase section */
		4AD65828213886B400D4F1B4 /* Frameworks */ = {
			isa = PBXFrameworksBuildPhase;
			buildActionMask = 2147483647;
			files = (
				A761B03E5CCA844595CA8C1D /* Pods_BlastVideo.framework in Frameworks */,
			);
			runOnlyForDeploymentPostprocessing = 0;
		};
/* End PBXFrameworksBuildPhase section */

/* Begin PBXGroup section */
		3757701BA2852E5AF9BAB4F1 /* Frameworks */ = {
			isa = PBXGroup;
			children = (
				4A040EF422A2EC140020020F /* IGListKit.framework */,
				21C3BA9E25A9B958D7977D52 /* Pods_BlastVideo.framework */,
			);
			name = Frameworks;
			sourceTree = "<group>";
		};
		4A00F21F22825A5500EB5309 /* Upload Section */ = {
			isa = PBXGroup;
			children = (
				4A46823E22AB076E003CB919 /* Selector Collection */,
				4A86D28B22AB06D70077CA90 /* Filter Collection */,
				4A46823F22AB0785003CB919 /* Edit Section */,
				4AC6E79923AA951800189A42 /* PostManager.swift */,
			);
			path = "Upload Section";
			sourceTree = "<group>";
		};
		4A03B9CB2155771C00A938F7 /* ASDK */ = {
			isa = PBXGroup;
			children = (
				4A83FBE8249572CD0006110B /* New Feed Design */,
				4AAF5D7C236740B9000551F2 /* Notifications */,
				4AFD114022F26A1300C6C108 /* OnBoarding */,
				4A040EE922A1A70E0020020F /* Discover Stable */,
				4AF3E235221B3B4100530793 /* Detail */,
				4A040EE2229DD9C10020020F /* Component Nodes */,
				4A0FE671226530F700724A56 /* Current User Profile */,
				4A040EE1229B77020020020F /* HashTag */,
				4AF3E234221B3B0000530793 /* Discover */,
			);
			path = ASDK;
			sourceTree = "<group>";
		};
		4A040EE1229B77020020020F /* HashTag */ = {
			isa = PBXGroup;
			children = (
				4AF8D1BE2331695200F1206F /* New Hashtag View */,
				4A040EDF229B76BF0020020F /* HashtagViewController.swift */,
			);
			path = HashTag;
			sourceTree = "<group>";
		};
		4A040EE2229DD9C10020020F /* Component Nodes */ = {
			isa = PBXGroup;
			children = (
				4ADB5729228F49A300F1D61F /* ActiveTextNode.swift */,
				4A00F224228361E900EB5309 /* LivePhotoNode.swift */,
				4A4877FA22A82C7500B7CF4D /* FilterNode.swift */,
				4AB64CE822DD426B00B51F27 /* KFImageNode.swift */,
				4A1B41A82321C16B001ED374 /* NavigationBarNode.swift */,
				4AF8D1C52332A79000F1206F /* HashtagCellNode.swift */,
				4A9CE9D92398B94400650435 /* TextFieldNode.swift */,
				4AC6E79D23ABE60A00189A42 /* ZoomView.swift */,
				4A589C3823AEAD5A0025202D /* LoopView.swift */,
				4A83FBE22492ADDF0006110B /* LabelNode.swift */,
			);
			path = "Component Nodes";
			sourceTree = "<group>";
		};
		4A040EE922A1A70E0020020F /* Discover Stable */ = {
			isa = PBXGroup;
			children = (
				4A1B41CD232954BB001ED374 /* Section Controllers */,
				4A1B41CC23295453001ED374 /* Page Controllers */,
			);
			path = "Discover Stable";
			sourceTree = "<group>";
		};
		4A0D3F8F2345993300280E51 /* Page Controllers */ = {
			isa = PBXGroup;
			children = (
				4A0D3F902345996800280E51 /* InviteController.swift */,
				4A0D3F9223459AC100280E51 /* InviteNode.swift */,
				4A0D3F942348053B00280E51 /* PrivacyController.swift */,
				4A0D3F962348055C00280E51 /* PrivacyNode.swift */,
				4A0D3F982348064600280E51 /* NotificationSettingController.swift */,
				4A0D3F9A2348065400280E51 /* NotificationSettingNode.swift */,
				4A0D3F9C234806C700280E51 /* FollowAndInviteController.swift */,
				4A0D3F9E234806D700280E51 /* FollowAndInviteNode.swift */,
				4A0D3FA0234806E700280E51 /* AboutController.swift */,
				4A0D3FA2234806F400280E51 /* AboutNode.swift */,
				4A0D3FA42348070300280E51 /* HelpController.swift */,
				4A0D3FA62348071200280E51 /* HelpNode.swift */,
			);
			path = "Page Controllers";
			sourceTree = "<group>";
		};
		4A0D3FA8234A791400280E51 /* Sign In */ = {
			isa = PBXGroup;
			children = (
				4A83FBEC2495C3DD0006110B /* New Update */,
				4A0D3FAC234A79AD00280E51 /* SignInNode.swift */,
				4A100E692363833C00AD6CB1 /* SignInDisplayController.swift */,
			);
			path = "Sign In";
			sourceTree = "<group>";
		};
		4A0D3FA9234A792600280E51 /* Sign Up */ = {
			isa = PBXGroup;
			children = (
				4A2419F52491B0AC0048D23E /* New Update */,
				4A1B41D0232981C0001ED374 /* SignUpPopoverController.swift */,
				4A0D3FAA234A799F00280E51 /* SignUpNode.swift */,
				4AAF5D772364FB68000551F2 /* SignUpDisplayController.swift */,
			);
			path = "Sign Up";
			sourceTree = "<group>";
		};
		4A0D3FAE234A7E5B00280E51 /* Cells */ = {
			isa = PBXGroup;
			children = (
				4A387BDE22BC658100B737CE /* CollectionPostCellNode.swift */,
				4A0C430D23A1C4FA00F10A46 /* DiscoverFullCell.swift */,
				4A83FBE4249553C70006110B /* FeedCellOverlay.swift */,
				4AC2DC5B249A82F400D7304D /* NewFeedCellOverlay.swift */,
				4AC2DC5D249A8A5C00D7304D /* NewDiscoverFullCell.swift */,
			);
			path = Cells;
			sourceTree = "<group>";
		};
		4A0FE671226530F700724A56 /* Current User Profile */ = {
			isa = PBXGroup;
			children = (
				4AF8D1B9232BFC8400F1206F /* Push Profile  */,
				4AAF5D89237DCC44000551F2 /* Edit Profile Controller */,
				4A387BD822BC4F5E00B737CE /* ProfilePostsVC.swift */,
				4A387BDA22BC523C00B737CE /* ProfileFavoritesVC.swift */,
				4A46824722B0679B003CB919 /* NewProfileData.swift */,
				4A0FE67222653C2200724A56 /* ProfileViewController.swift */,
				4A1B41B823271AF6001ED374 /* ChildControllers */,
			);
			path = "Current User Profile";
			sourceTree = "<group>";
		};
		4A100E622362584600AD6CB1 /* Not Signed In Controllers */ = {
			isa = PBXGroup;
			children = (
				4A100E632362586000AD6CB1 /* ProfileNotSignedInController.swift */,
				4A100E652362589600AD6CB1 /* NotificationNotSignedInController.swift */,
				4A100E67236258A800AD6CB1 /* CameraNotSignInController.swift */,
			);
			path = "Not Signed In Controllers";
			sourceTree = "<group>";
		};
		4A1B41B823271AF6001ED374 /* ChildControllers */ = {
			isa = PBXGroup;
			children = (
				4A1B41A62321B2DF001ED374 /* ProfileHeaderController.swift */,
				4ADB2891226B9B8B005DEDBA /* ProfileHeaderNode.swift */,
				4A1B41BB23271AF6001ED374 /* HeaderViewController.swift */,
				4A1B41BF23271AF6001ED374 /* EmptyViewController.swift */,
				4A1B41C023271AF6001ED374 /* XLPagerTabStripExampleViewController.swift */,
			);
			path = ChildControllers;
			sourceTree = "<group>";
		};
		4A1B41CC23295453001ED374 /* Page Controllers */ = {
			isa = PBXGroup;
			children = (
				4A1B41C823295258001ED374 /* DiscoverPageController.swift */,
				4A1B41CA232952FF001ED374 /* PagerTabController.swift */,
			);
			path = "Page Controllers";
			sourceTree = "<group>";
		};
		4A1B41CD232954BB001ED374 /* Section Controllers */ = {
			isa = PBXGroup;
			children = (
				4A1B41CF232954D2001ED374 /* Following Section */,
				4A1B41CE232954C4001ED374 /* Discover Section */,
			);
			path = "Section Controllers";
			sourceTree = "<group>";
		};
		4A1B41CE232954C4001ED374 /* Discover Section */ = {
			isa = PBXGroup;
			children = (
				4A040EEA22A1A7230020020F /* DiscoverTestController.swift */,
				4A040EF222A1B2EF0020020F /* FeedSectionController.swift */,
				4A040EE722A064720020020F /* DiscoverData.swift */,
				4A9CE9DB2399AED300650435 /* DiscoverStableController.swift */,
			);
			path = "Discover Section";
			sourceTree = "<group>";
		};
		4A1B41CF232954D2001ED374 /* Following Section */ = {
			isa = PBXGroup;
			children = (
				4A48DB91234145E400A98CCE /* FollowingViewController.swift */,
				4A48DB93234145F800A98CCE /* FollowingSectionController.swift */,
				4A48DB952341462200A98CCE /* FollowingData.swift */,
				4A9CE9DD2399C1F100650435 /* FollowingStableController.swift */,
			);
			path = "Following Section";
			sourceTree = "<group>";
		};
		4A2419F52491B0AC0048D23E /* New Update */ = {
			isa = PBXGroup;
			children = (
				4A9EE68F2491634A0006B365 /* SignUpPopoverMVP.swift */,
				4A9EE691249164740006B365 /* SignUpPopoverMVPNode.swift */,
				4A2419F62491B0D30048D23E /* SignInUpCTAController.swift */,
				4A2419F82491B16B0048D23E /* SignInUpCTANode.swift */,
			);
			path = "New Update";
			sourceTree = "<group>";
		};
		4A241DAE21418D5D001DD423 /* Layouts */ = {
			isa = PBXGroup;
			children = (
				4A0FE6742265526F00724A56 /* ProfilePostsLayout.swift */,
				4A00F21D22810E6400EB5309 /* FeedLayout.swift */,
				4A241DAC21418D59001DD423 /* PinterestLayout.swift */,
				4A03B9CC2155773000A938F7 /* MosaicCollectionViewLayout.swift */,
			);
			path = Layouts;
			sourceTree = "<group>";
		};
		4A2604492144521C00079F3B /* API */ = {
			isa = PBXGroup;
			children = (
				4A9CE9D4238789F000650435 /* NotificationApi.swift */,
				4A26044D2144524A00079F3B /* AuthService.swift */,
				4A2604542144524B00079F3B /* HelperService.swift */,
				4A26044F2144524B00079F3B /* Config.swift */,
				4A2604562144524C00079F3B /* PostApi.swift */,
				4A26044C2144524A00079F3B /* UserApi.swift */,
				4A26044A2144524A00079F3B /* FeedApi.swift */,
				4A2604512144524B00079F3B /* Post_CommentApi.swift */,
				4A2604552144524B00079F3B /* MyPostsApi.swift */,
				4A26044B2144524A00079F3B /* Api.swift */,
				4A2604532144524B00079F3B /* HashTagApi.swift */,
				4A421111227A794700D8340B /* FavoritesApi.swift */,
				4A48DB8F233EA56200A98CCE /* FollowApi.swift */,
				4A9101E12299FF59009639C4 /* UploadService.swift */,
				4A94BA5924BBABA800F2DFB3 /* DeleteFilesAPI.swift */,
			);
			path = API;
			sourceTree = "<group>";
		};
		4A2604712144742800079F3B /* StoryBoard */ = {
			isa = PBXGroup;
			children = (
				4A260439214350D900079F3B /* Main.storyboard */,
			);
			path = StoryBoard;
			sourceTree = "<group>";
		};
		4A292459228CE58200E64308 /* Resources */ = {
			isa = PBXGroup;
			children = (
				4A29245A228CE5BB00E64308 /* Modulus-Bold.otf */,
				4A29245B228CE5BB00E64308 /* Modulus.ttf */,
			);
			path = Resources;
			sourceTree = "<group>";
		};
		4A46823E22AB076E003CB919 /* Selector Collection */ = {
			isa = PBXGroup;
			children = (
				4A2924532289FBDD00E64308 /* LivePhotoSelectorController.swift */,
				4A292455228A07C900E64308 /* PhotoSelectorCell.swift */,
			);
			path = "Selector Collection";
			sourceTree = "<group>";
		};
		4A46823F22AB0785003CB919 /* Edit Section */ = {
			isa = PBXGroup;
			children = (
				4A00F22022825DA100EB5309 /* EditPhotoViewController.swift */,
				4A00F2222282727500EB5309 /* EditPhotoNode.swift */,
			);
			path = "Edit Section";
			sourceTree = "<group>";
		};
		4A5C4A50233C2E3B005DE36A /* Settings */ = {
			isa = PBXGroup;
			children = (
				4A0D3F8F2345993300280E51 /* Page Controllers */,
				4ADB2893226D5A03005DEDBA /* SettingsController.swift */,
				4A5C4A51233C2E5D005DE36A /* SettingsDisplayNode.swift */,
			);
			path = Settings;
			sourceTree = "<group>";
		};
		4A6F5A98235A245E00B92E87 /* Search - InstantSearch */ = {
			isa = PBXGroup;
			children = (
				4AAF5D79236664C3000551F2 /* TableView Cells */,
				4A6F5A99235A247600B92E87 /* SearchBarController.swift */,
				4A100E5E235A5FBD00AD6CB1 /* SearchTableViewCell.swift */,
				4A100E60235CE2CC00AD6CB1 /* SearchBarCustomController.swift */,
				4A48A13F2386EF5D00898D5F /* HashtagSearchCell.swift */,
				4A9CE9CC2387441E00650435 /* HashtagSearchCellNode.swift */,
			);
			path = "Search - InstantSearch";
			sourceTree = "<group>";
		};
		4A83FBE8249572CD0006110B /* New Feed Design */ = {
			isa = PBXGroup;
			children = (
				4A83FBE9249572EA0006110B /* NewFeedDesignController.swift */,
				4A83FBF12496C3D50006110B /* CustomNavigationBar.swift */,
				4A83FBF32496E2230006110B /* NewFeedDesignNode.swift */,
			);
			path = "New Feed Design";
			sourceTree = "<group>";
		};
		4A83FBEC2495C3DD0006110B /* New Update */ = {
			isa = PBXGroup;
			children = (
				4A83FBED2495C4030006110B /* SignInMVPNode.swift */,
				4A83FBEF2495C4170006110B /* SignInMVPController.swift */,
			);
			path = "New Update";
			sourceTree = "<group>";
		};
		4A86D28B22AB06D70077CA90 /* Filter Collection */ = {
			isa = PBXGroup;
			children = (
				4A4877FE22A8425800B7CF4D /* FilterPickerController.swift */,
				4A86D28922AAD8070077CA90 /* FilterPickerNode.swift */,
				4A46824022AB1E05003CB919 /* FilterCellNode.swift */,
			);
			path = "Filter Collection";
			sourceTree = "<group>";
		};
		4AAF5D79236664C3000551F2 /* TableView Cells */ = {
			isa = PBXGroup;
			children = (
				4AAF5D7A23666DF0000551F2 /* HashtagCell.swift */,
			);
			path = "TableView Cells";
			sourceTree = "<group>";
		};
		4AAF5D7C236740B9000551F2 /* Notifications */ = {
			isa = PBXGroup;
			children = (
				4AAF5D7D236740D7000551F2 /* NotificationController.swift */,
				4AAF5D7F236740E3000551F2 /* NotificationTabController.swift */,
				4AAF5D812367422D000551F2 /* NotificationTableNodeCell.swift */,
				4AAF5D8323674293000551F2 /* NotificationTableController.swift */,
				4A9CE9D0238785FF00650435 /* NotificationData.swift */,
			);
			path = Notifications;
			sourceTree = "<group>";
		};
		4AAF5D89237DCC44000551F2 /* Edit Profile Controller */ = {
			isa = PBXGroup;
			children = (
				4ADB572B2294DCCE00F1D61F /* EditProfileViewController.swift */,
				4AAF5D8A237DCC6D000551F2 /* EditProfileNode.swift */,
				4ACCCEE623A6C7B70049C0EE /* EditProfileScrollController.swift */,
				4ACCCEE823A7FFFA0049C0EE /* EditProfileScrollNode.swift */,
			);
			path = "Edit Profile Controller";
			sourceTree = "<group>";
		};
		4AB08136248F10DF00B16810 /* Search - Basic MVP */ = {
			isa = PBXGroup;
			children = (
				4AB08137248F110500B16810 /* BasicSearchController.swift */,
			);
			path = "Search - Basic MVP";
			sourceTree = "<group>";
		};
		4AD65822213886B400D4F1B4 = {
			isa = PBXGroup;
			children = (
				4AD6582D213886B400D4F1B4 /* BlastVideo */,
				4AD6582C213886B400D4F1B4 /* Products */,
				74A0E080A8290F9AFB30F888 /* Pods */,
				3757701BA2852E5AF9BAB4F1 /* Frameworks */,
			);
			sourceTree = "<group>";
		};
		4AD6582C213886B400D4F1B4 /* Products */ = {
			isa = PBXGroup;
			children = (
				4AD6582B213886B400D4F1B4 /* myLIVE.app */,
			);
			name = Products;
			sourceTree = "<group>";
		};
		4AD6582D213886B400D4F1B4 /* BlastVideo */ = {
			isa = PBXGroup;
			children = (
				4A9CE9D623981E4D00650435 /* Art Photography Media.entitlements */,
				4AD6582E213886B400D4F1B4 /* AppDelegate.swift */,
				4A2604492144521C00079F3B /* API */,
				4A0D3FAE234A7E5B00280E51 /* Cells */,
				4AE1C383213DFD5F000EEB0A /* Extensions */,
				4AFB2E0E21408A820000D97D /* Models */,
				4A241DAE21418D5D001DD423 /* Layouts */,
				4A2604712144742800079F3B /* StoryBoard */,
				4A03B9CB2155771C00A938F7 /* ASDK */,
				4AE1C37B213DEA33000EEB0A /* Controllers */,
				4A292459228CE58200E64308 /* Resources */,
				4AD65835213886B700D4F1B4 /* Assets.xcassets */,
				4AD65837213886B700D4F1B4 /* LaunchScreen.storyboard */,
				4AD6583A213886B700D4F1B4 /* Info.plist */,
				4A9CE9D723984E0A00650435 /* GoogleService-Info.plist */,
			);
			path = BlastVideo;
			sourceTree = "<group>";
		};
		4AE1C37B213DEA33000EEB0A /* Controllers */ = {
			isa = PBXGroup;
			children = (
				4AB08136248F10DF00B16810 /* Search - Basic MVP */,
				4A100E622362584600AD6CB1 /* Not Signed In Controllers */,
				4A6F5A98235A245E00B92E87 /* Search - InstantSearch */,
				4A5C4A50233C2E3B005DE36A /* Settings */,
				4A0D3FA8234A791400280E51 /* Sign In */,
				4A0D3FA9234A792600280E51 /* Sign Up */,
				4AE1C377213DE80F000EEB0A /* TabBarViewController.swift */,
				4A34CD33220B84BA00784800 /* LivePhotoController.swift */,
				4A3C3281223AB051004A0BDE /* StorageCacheController.swift */,
				4A0FE66D22627D2700724A56 /* ProfileDataController.swift */,
				4ADB2895226D5A2E005DEDBA /* CompressionController.swift */,
				4A00F21F22825A5500EB5309 /* Upload Section */,
				4AAF5D85236F33A2000551F2 /* TabBarNodeController.swift */,
				4AAF5D87236F50AE000551F2 /* EmptyHeader.swift */,
				4AC6E79B23AA968100189A42 /* VideoCompressionWrapper.swift */,
			);
			path = Controllers;
			sourceTree = "<group>";
		};
		4AE1C383213DFD5F000EEB0A /* Extensions */ = {
			isa = PBXGroup;
			children = (
				4AC165AB220DFD4E00E2402E /* AnimatedImage.swift */,
				4A34CD31220B845F00784800 /* GlobalVariables.swift */,
				4AE1C381213DFD58000EEB0A /* Extensions.swift */,
				4A4644F42214FB5B00DB3BAB /* LivePhoto.swift */,
				4A4644F62214FC4B00DB3BAB /* AVAsset-extensions.swift */,
				4A4644F82214FC5200DB3BAB /* UIViewController-extensions.swift */,
				4ACCCEE423A6A0C70049C0EE /* WorkLivePhoto.swift */,
			);
			path = Extensions;
			sourceTree = "<group>";
		};
		4AF3E234221B3B0000530793 /* Discover */ = {
			isa = PBXGroup;
			children = (
				4A03B9D02155774400A938F7 /* DiscoverViewNodeController.swift */,
				4A292457228B539000E64308 /* DiscoverCellNode.swift */,
			);
			path = Discover;
			sourceTree = "<group>";
		};
		4AF3E235221B3B4100530793 /* Detail */ = {
			isa = PBXGroup;
			children = (
				4A2FC52822399EA400DD307F /* DetailCellNode.swift */,
				4A03B9C9215574FB00A938F7 /* DetailController.swift */,
			);
			path = Detail;
			sourceTree = "<group>";
		};
		4AF8D1B9232BFC8400F1206F /* Push Profile  */ = {
			isa = PBXGroup;
			children = (
				4AF8D1BA232BFCA200F1206F /* PushProfileViewController.swift */,
				4AF8D1BC232BFCB000F1206F /* PushProfileHeader.swift */,
				4A9CE9DF239DD47400650435 /* PushProfileTabController.swift */,
				4A9CE9E1239DE30B00650435 /* PushProfilePosts.swift */,
				4A9CE9E3239DE31E00650435 /* PushProfileFavs.swift */,
				4A9CE9E5239DE33900650435 /* PushProfileData.swift */,
			);
			path = "Push Profile ";
			sourceTree = "<group>";
		};
		4AF8D1BE2331695200F1206F /* New Hashtag View */ = {
			isa = PBXGroup;
			children = (
				4AF8D1BF2331699C00F1206F /* NewHashtagViewController.swift */,
				4AF8D1C123316A2C00F1206F /* HashtagSectionController.swift */,
				4AF8D1C323316A4600F1206F /* HashtagData.swift */,
			);
			path = "New Hashtag View";
			sourceTree = "<group>";
		};
		4AFB2E0E21408A820000D97D /* Models */ = {
			isa = PBXGroup;
			children = (
				4A9CE9D2238789B100650435 /* Notification.swift */,
				4AFB2E0C214089890000D97D /* FeedItem.swift */,
				4A2604452144520F00079F3B /* Post.swift */,
				4A2604472144521600079F3B /* UserObject.swift */,
				4A4877FC22A831B600B7CF4D /* Filter.swift */,
				4A9CE9CE238745C500650435 /* Hashtag.swift */,
			);
			path = Models;
			sourceTree = "<group>";
		};
		4AFD114022F26A1300C6C108 /* OnBoarding */ = {
			isa = PBXGroup;
			children = (
				4AFD114122FB6BB300C6C108 /* OnBoardingController.swift */,
			);
			path = OnBoarding;
			sourceTree = "<group>";
		};
		74A0E080A8290F9AFB30F888 /* Pods */ = {
			isa = PBXGroup;
			children = (
				326508F62E2033E2AB4776F6 /* Pods-BlastVideo.debug.xcconfig */,
				DC0BE0AD202139EA994B864A /* Pods-BlastVideo.release.xcconfig */,
			);
			name = Pods;
			sourceTree = "<group>";
		};
/* End PBXGroup section */

/* Begin PBXNativeTarget section */
		4AD6582A213886B400D4F1B4 /* BlastVideo */ = {
			isa = PBXNativeTarget;
			buildConfigurationList = 4AD6583D213886B700D4F1B4 /* Build configuration list for PBXNativeTarget "BlastVideo" */;
			buildPhases = (
				103E7E3DF16DDF30C44CDC8F /* [CP] Check Pods Manifest.lock */,
				4AD65827213886B400D4F1B4 /* Sources */,
				4AD65828213886B400D4F1B4 /* Frameworks */,
				4AD65829213886B400D4F1B4 /* Resources */,
				3AB8F62C72430BE7E73A6072 /* [CP] Embed Pods Frameworks */,
			);
			buildRules = (
			);
			dependencies = (
			);
			name = BlastVideo;
			productName = BlastVideo;
			productReference = 4AD6582B213886B400D4F1B4 /* myLIVE.app */;
			productType = "com.apple.product-type.application";
		};
/* End PBXNativeTarget section */

/* Begin PBXProject section */
		4AD65823213886B400D4F1B4 /* Project object */ = {
			isa = PBXProject;
			attributes = {
				LastSwiftUpdateCheck = 0940;
				LastUpgradeCheck = 0940;
				ORGANIZATIONNAME = "Harrison Senesac";
				TargetAttributes = {
					4AD6582A213886B400D4F1B4 = {
						CreatedOnToolsVersion = 9.4.1;
						LastSwiftMigration = 1020;
						SystemCapabilities = {
							com.apple.Keychain = {
								enabled = 0;
							};
						};
					};
				};
			};
			buildConfigurationList = 4AD65826213886B400D4F1B4 /* Build configuration list for PBXProject "BlastVideo" */;
			compatibilityVersion = "Xcode 9.3";
			developmentRegion = en;
			hasScannedForEncodings = 0;
			knownRegions = (
				en,
				Base,
			);
			mainGroup = 4AD65822213886B400D4F1B4;
			productRefGroup = 4AD6582C213886B400D4F1B4 /* Products */;
			projectDirPath = "";
			projectRoot = "";
			targets = (
				4AD6582A213886B400D4F1B4 /* BlastVideo */,
			);
		};
/* End PBXProject section */

/* Begin PBXResourcesBuildPhase section */
		4AD65829213886B400D4F1B4 /* Resources */ = {
			isa = PBXResourcesBuildPhase;
			buildActionMask = 2147483647;
			files = (
				4A26043A214350D900079F3B /* Main.storyboard in Resources */,
				4AD65839213886B700D4F1B4 /* LaunchScreen.storyboard in Resources */,
				4A29245C228CE5BB00E64308 /* Modulus-Bold.otf in Resources */,
				4A29245D228CE5BB00E64308 /* Modulus.ttf in Resources */,
				4AD65836213886B700D4F1B4 /* Assets.xcassets in Resources */,
				4A9CE9D823984E0A00650435 /* GoogleService-Info.plist in Resources */,
			);
			runOnlyForDeploymentPostprocessing = 0;
		};
/* End PBXResourcesBuildPhase section */

/* Begin PBXShellScriptBuildPhase section */
		103E7E3DF16DDF30C44CDC8F /* [CP] Check Pods Manifest.lock */ = {
			isa = PBXShellScriptBuildPhase;
			buildActionMask = 2147483647;
			files = (
			);
			inputPaths = (
				"${PODS_PODFILE_DIR_PATH}/Podfile.lock",
				"${PODS_ROOT}/Manifest.lock",
			);
			name = "[CP] Check Pods Manifest.lock";
			outputPaths = (
				"$(DERIVED_FILE_DIR)/Pods-BlastVideo-checkManifestLockResult.txt",
			);
			runOnlyForDeploymentPostprocessing = 0;
			shellPath = /bin/sh;
			shellScript = "diff \"${PODS_PODFILE_DIR_PATH}/Podfile.lock\" \"${PODS_ROOT}/Manifest.lock\" > /dev/null\nif [ $? != 0 ] ; then\n    # print error to STDERR\n    echo \"error: The sandbox is not in sync with the Podfile.lock. Run 'pod install' or update your CocoaPods installation.\" >&2\n    exit 1\nfi\n# This output is used by Xcode 'outputs' to avoid re-running this script phase.\necho \"SUCCESS\" > \"${SCRIPT_OUTPUT_FILE_0}\"\n";
			showEnvVarsInLog = 0;
		};
		3AB8F62C72430BE7E73A6072 /* [CP] Embed Pods Frameworks */ = {
			isa = PBXShellScriptBuildPhase;
			buildActionMask = 2147483647;
			files = (
			);
			inputPaths = (
				"${SRCROOT}/Pods/Target Support Files/Pods-BlastVideo/Pods-BlastVideo-frameworks.sh",
				"${BUILT_PRODUCTS_DIR}/ActiveLabel/ActiveLabel.framework",
				"${BUILT_PRODUCTS_DIR}/Cache/Cache.framework",
				"${BUILT_PRODUCTS_DIR}/DeepDiff/DeepDiff.framework",
				"${BUILT_PRODUCTS_DIR}/Disk/Disk.framework",
				"${BUILT_PRODUCTS_DIR}/GTMSessionFetcher/GTMSessionFetcher.framework",
				"${BUILT_PRODUCTS_DIR}/GoogleUtilities/GoogleUtilities.framework",
				"${BUILT_PRODUCTS_DIR}/GradientLoadingBar/GradientLoadingBar.framework",
				"${BUILT_PRODUCTS_DIR}/IGListKit/IGListKit.framework",
				"${BUILT_PRODUCTS_DIR}/InstantSearch/InstantSearch.framework",
				"${BUILT_PRODUCTS_DIR}/InstantSearchClient/InstantSearchClient.framework",
				"${BUILT_PRODUCTS_DIR}/InstantSearchCore/InstantSearchCore.framework",
				"${BUILT_PRODUCTS_DIR}/KILabel/KILabel.framework",
				"${BUILT_PRODUCTS_DIR}/Kingfisher/Kingfisher.framework",
				"${BUILT_PRODUCTS_DIR}/LightweightObservable/LightweightObservable.framework",
				"${BUILT_PRODUCTS_DIR}/MarqueeLabel/MarqueeLabel.framework",
				"${BUILT_PRODUCTS_DIR}/NextLevelSessionExporter/NextLevelSessionExporter.framework",
				"${BUILT_PRODUCTS_DIR}/NotificationBannerSwift/NotificationBannerSwift.framework",
				"${BUILT_PRODUCTS_DIR}/PINCache/PINCache.framework",
				"${BUILT_PRODUCTS_DIR}/PINOperation/PINOperation.framework",
				"${BUILT_PRODUCTS_DIR}/PINRemoteImage/PINRemoteImage.framework",
				"${BUILT_PRODUCTS_DIR}/Protobuf/protobuf.framework",
				"${BUILT_PRODUCTS_DIR}/SJSegmentedScrollView/SJSegmentedScrollView.framework",
				"${BUILT_PRODUCTS_DIR}/SnapKit/SnapKit.framework",
				"${BUILT_PRODUCTS_DIR}/Texture/AsyncDisplayKit.framework",
				"${BUILT_PRODUCTS_DIR}/TwitterProfile/TwitterProfile.framework",
				"${BUILT_PRODUCTS_DIR}/XLPagerTabStrip/XLPagerTabStrip.framework",
				"${BUILT_PRODUCTS_DIR}/leveldb-library/leveldb.framework",
				"${BUILT_PRODUCTS_DIR}/nanopb/nanopb.framework",
			);
			name = "[CP] Embed Pods Frameworks";
			outputPaths = (
				"${TARGET_BUILD_DIR}/${FRAMEWORKS_FOLDER_PATH}/ActiveLabel.framework",
				"${TARGET_BUILD_DIR}/${FRAMEWORKS_FOLDER_PATH}/Cache.framework",
				"${TARGET_BUILD_DIR}/${FRAMEWORKS_FOLDER_PATH}/DeepDiff.framework",
				"${TARGET_BUILD_DIR}/${FRAMEWORKS_FOLDER_PATH}/Disk.framework",
				"${TARGET_BUILD_DIR}/${FRAMEWORKS_FOLDER_PATH}/GTMSessionFetcher.framework",
				"${TARGET_BUILD_DIR}/${FRAMEWORKS_FOLDER_PATH}/GoogleUtilities.framework",
				"${TARGET_BUILD_DIR}/${FRAMEWORKS_FOLDER_PATH}/GradientLoadingBar.framework",
				"${TARGET_BUILD_DIR}/${FRAMEWORKS_FOLDER_PATH}/IGListKit.framework",
				"${TARGET_BUILD_DIR}/${FRAMEWORKS_FOLDER_PATH}/InstantSearch.framework",
				"${TARGET_BUILD_DIR}/${FRAMEWORKS_FOLDER_PATH}/InstantSearchClient.framework",
				"${TARGET_BUILD_DIR}/${FRAMEWORKS_FOLDER_PATH}/InstantSearchCore.framework",
				"${TARGET_BUILD_DIR}/${FRAMEWORKS_FOLDER_PATH}/KILabel.framework",
				"${TARGET_BUILD_DIR}/${FRAMEWORKS_FOLDER_PATH}/Kingfisher.framework",
				"${TARGET_BUILD_DIR}/${FRAMEWORKS_FOLDER_PATH}/LightweightObservable.framework",
				"${TARGET_BUILD_DIR}/${FRAMEWORKS_FOLDER_PATH}/MarqueeLabel.framework",
				"${TARGET_BUILD_DIR}/${FRAMEWORKS_FOLDER_PATH}/NextLevelSessionExporter.framework",
				"${TARGET_BUILD_DIR}/${FRAMEWORKS_FOLDER_PATH}/NotificationBannerSwift.framework",
				"${TARGET_BUILD_DIR}/${FRAMEWORKS_FOLDER_PATH}/PINCache.framework",
				"${TARGET_BUILD_DIR}/${FRAMEWORKS_FOLDER_PATH}/PINOperation.framework",
				"${TARGET_BUILD_DIR}/${FRAMEWORKS_FOLDER_PATH}/PINRemoteImage.framework",
				"${TARGET_BUILD_DIR}/${FRAMEWORKS_FOLDER_PATH}/protobuf.framework",
				"${TARGET_BUILD_DIR}/${FRAMEWORKS_FOLDER_PATH}/SJSegmentedScrollView.framework",
				"${TARGET_BUILD_DIR}/${FRAMEWORKS_FOLDER_PATH}/SnapKit.framework",
				"${TARGET_BUILD_DIR}/${FRAMEWORKS_FOLDER_PATH}/AsyncDisplayKit.framework",
				"${TARGET_BUILD_DIR}/${FRAMEWORKS_FOLDER_PATH}/TwitterProfile.framework",
				"${TARGET_BUILD_DIR}/${FRAMEWORKS_FOLDER_PATH}/XLPagerTabStrip.framework",
				"${TARGET_BUILD_DIR}/${FRAMEWORKS_FOLDER_PATH}/leveldb.framework",
				"${TARGET_BUILD_DIR}/${FRAMEWORKS_FOLDER_PATH}/nanopb.framework",
			);
			runOnlyForDeploymentPostprocessing = 0;
			shellPath = /bin/sh;
			shellScript = "\"${SRCROOT}/Pods/Target Support Files/Pods-BlastVideo/Pods-BlastVideo-frameworks.sh\"\n";
			showEnvVarsInLog = 0;
		};
/* End PBXShellScriptBuildPhase section */

/* Begin PBXSourcesBuildPhase section */
		4AD65827213886B400D4F1B4 /* Sources */ = {
			isa = PBXSourcesBuildPhase;
			buildActionMask = 2147483647;
			files = (
				4A9CE9E4239DE31E00650435 /* PushProfileFavs.swift in Sources */,
				4ADB2896226D5A2E005DEDBA /* CompressionController.swift in Sources */,
				4A4877FD22A831B600B7CF4D /* Filter.swift in Sources */,
				4A34CD32220B845F00784800 /* GlobalVariables.swift in Sources */,
				4A46824822B0679B003CB919 /* NewProfileData.swift in Sources */,
				4AAF5D7B23666DF0000551F2 /* HashtagCell.swift in Sources */,
				4A9CE9DA2398B94400650435 /* TextFieldNode.swift in Sources */,
				4A0D3F972348055C00280E51 /* PrivacyNode.swift in Sources */,
				4A03B9CD2155773000A938F7 /* MosaicCollectionViewLayout.swift in Sources */,
				4A0D3F912345996800280E51 /* InviteController.swift in Sources */,
				4AAF5D822367422D000551F2 /* NotificationTableNodeCell.swift in Sources */,
				4AE1C382213DFD58000EEB0A /* Extensions.swift in Sources */,
				4A9CE9E2239DE30B00650435 /* PushProfilePosts.swift in Sources */,
				4A4644F52214FB5B00DB3BAB /* LivePhoto.swift in Sources */,
				4A0D3F952348053B00280E51 /* PrivacyController.swift in Sources */,
				4A83FBF02495C4170006110B /* SignInMVPController.swift in Sources */,
				4A040EE822A064720020020F /* DiscoverData.swift in Sources */,
				4A83FBEA249572EA0006110B /* NewFeedDesignController.swift in Sources */,
				4A2FC52922399EA400DD307F /* DetailCellNode.swift in Sources */,
				4A1B41CB232952FF001ED374 /* PagerTabController.swift in Sources */,
				4A0D3F992348064600280E51 /* NotificationSettingController.swift in Sources */,
				4A00F21E22810E6400EB5309 /* FeedLayout.swift in Sources */,
				4A26045A2144524C00079F3B /* AuthService.swift in Sources */,
				4A9CE9D5238789F000650435 /* NotificationApi.swift in Sources */,
				4AC165AC220DFD4E00E2402E /* AnimatedImage.swift in Sources */,
				4A292458228B539000E64308 /* DiscoverCellNode.swift in Sources */,
				4ADB2894226D5A03005DEDBA /* SettingsController.swift in Sources */,
				4A100E662362589600AD6CB1 /* NotificationNotSignedInController.swift in Sources */,
				4A387BDF22BC658100B737CE /* CollectionPostCellNode.swift in Sources */,
				4A48DB94234145F800A98CCE /* FollowingSectionController.swift in Sources */,
				4AAF5D88236F50AE000551F2 /* EmptyHeader.swift in Sources */,
				4A1B41D1232981C0001ED374 /* SignUpPopoverController.swift in Sources */,
				4AC6E79A23AA951800189A42 /* PostManager.swift in Sources */,
				4AAF5D86236F33A2000551F2 /* TabBarNodeController.swift in Sources */,
				4ACCCEE723A6C7B70049C0EE /* EditProfileScrollController.swift in Sources */,
				4AF8D1C223316A2C00F1206F /* HashtagSectionController.swift in Sources */,
				4A4644F72214FC4B00DB3BAB /* AVAsset-extensions.swift in Sources */,
				4AF8D1C62332A79000F1206F /* HashtagCellNode.swift in Sources */,
				4A2419F92491B16B0048D23E /* SignInUpCTANode.swift in Sources */,
				4A100E6A2363833C00AD6CB1 /* SignInDisplayController.swift in Sources */,
				4A48DB92234145E400A98CCE /* FollowingViewController.swift in Sources */,
				4A03B9CA215574FB00A938F7 /* DetailController.swift in Sources */,
				4A0D3F9D234806C700280E51 /* FollowAndInviteController.swift in Sources */,
				4A00F22122825DA100EB5309 /* EditPhotoViewController.swift in Sources */,
				4A2604462144520F00079F3B /* Post.swift in Sources */,
				4A9101E22299FF59009639C4 /* UploadService.swift in Sources */,
				4A26045E2144524C00079F3B /* Post_CommentApi.swift in Sources */,
				4A100E61235CE2CC00AD6CB1 /* SearchBarCustomController.swift in Sources */,
				4A4644F92214FC5200DB3BAB /* UIViewController-extensions.swift in Sources */,
				4A9CE9CF238745C500650435 /* Hashtag.swift in Sources */,
				4A5C4A52233C2E5D005DE36A /* SettingsDisplayNode.swift in Sources */,
				4A03B9D12155774400A938F7 /* DiscoverViewNodeController.swift in Sources */,
				4A2604482144521600079F3B /* UserObject.swift in Sources */,
				4A46824122AB1E05003CB919 /* FilterCellNode.swift in Sources */,
				4A1B41A92321C16B001ED374 /* NavigationBarNode.swift in Sources */,
				4AF8D1C423316A4600F1206F /* HashtagData.swift in Sources */,
				4A48A1402386EF5D00898D5F /* HashtagSearchCell.swift in Sources */,
				4A2604592144524C00079F3B /* UserApi.swift in Sources */,
				4AAF5D7E236740D7000551F2 /* NotificationController.swift in Sources */,
				4A9CE9D3238789B100650435 /* Notification.swift in Sources */,
				4AAF5D80236740E3000551F2 /* NotificationTabController.swift in Sources */,
				4A0D3FA3234806F400280E51 /* AboutNode.swift in Sources */,
				4AAF5D8423674293000551F2 /* NotificationTableController.swift in Sources */,
				4A34CD34220B84BA00784800 /* LivePhotoController.swift in Sources */,
				4ACCCEE523A6A0C70049C0EE /* WorkLivePhoto.swift in Sources */,
				4A387BDB22BC523C00B737CE /* ProfileFavoritesVC.swift in Sources */,
				4A00F2232282727500EB5309 /* EditPhotoNode.swift in Sources */,
				4A100E68236258A800AD6CB1 /* CameraNotSignInController.swift in Sources */,
				4AE1C378213DE80F000EEB0A /* TabBarViewController.swift in Sources */,
				4A83FBF22496C3D50006110B /* CustomNavigationBar.swift in Sources */,
				4A00F225228361E900EB5309 /* LivePhotoNode.swift in Sources */,
				4A9CE9CD2387441E00650435 /* HashtagSearchCellNode.swift in Sources */,
				4A2604602144524C00079F3B /* HashTagApi.swift in Sources */,
				4A9EE6902491634A0006B365 /* SignUpPopoverMVP.swift in Sources */,
				4AB08138248F110500B16810 /* BasicSearchController.swift in Sources */,
				4A0FE6752265526F00724A56 /* ProfilePostsLayout.swift in Sources */,
				4A0D3FA52348070300280E51 /* HelpController.swift in Sources */,
				4A48DB90233EA56200A98CCE /* FollowApi.swift in Sources */,
				4A2604572144524C00079F3B /* FeedApi.swift in Sources */,
				4ACCCEE923A7FFFA0049C0EE /* EditProfileScrollNode.swift in Sources */,
				4A2604632144524C00079F3B /* PostApi.swift in Sources */,
				4A2924542289FBDD00E64308 /* LivePhotoSelectorController.swift in Sources */,
				4A94BA5A24BBABA800F2DFB3 /* DeleteFilesAPI.swift in Sources */,
				4ADB2892226B9B8B005DEDBA /* ProfileHeaderNode.swift in Sources */,
				4AF8D1BD232BFCB000F1206F /* PushProfileHeader.swift in Sources */,
				4A1B41C623271AF7001ED374 /* EmptyViewController.swift in Sources */,
				4A040EEB22A1A7230020020F /* DiscoverTestController.swift in Sources */,
				4ADB572A228F49A300F1D61F /* ActiveTextNode.swift in Sources */,
				4A2419F72491B0D30048D23E /* SignInUpCTAController.swift in Sources */,
				4A040EE0229B76BF0020020F /* HashtagViewController.swift in Sources */,
				4A9CE9DE2399C1F100650435 /* FollowingStableController.swift in Sources */,
				4AB64CE922DD426B00B51F27 /* KFImageNode.swift in Sources */,
				4AF8D1C02331699C00F1206F /* NewHashtagViewController.swift in Sources */,
				4A9CE9E6239DE33900650435 /* PushProfileData.swift in Sources */,
				4A4877FF22A8425800B7CF4D /* FilterPickerController.swift in Sources */,
				4AFB2E0D214089890000D97D /* FeedItem.swift in Sources */,
				4A0FE66E22627D2700724A56 /* ProfileDataController.swift in Sources */,
				4A2604622144524C00079F3B /* MyPostsApi.swift in Sources */,
				4A421112227A794700D8340B /* FavoritesApi.swift in Sources */,
				4AC6E79E23ABE60A00189A42 /* ZoomView.swift in Sources */,
				4A6F5A9A235A247600B92E87 /* SearchBarController.swift in Sources */,
				4A241DAD21418D59001DD423 /* PinterestLayout.swift in Sources */,
				4A0D3FAB234A799F00280E51 /* SignUpNode.swift in Sources */,
				4A1B41C323271AF7001ED374 /* HeaderViewController.swift in Sources */,
				4A9CE9D1238785FF00650435 /* NotificationData.swift in Sources */,
				4A9CE9DC2399AED300650435 /* DiscoverStableController.swift in Sources */,
				4AF8D1BB232BFCA200F1206F /* PushProfileViewController.swift in Sources */,
				4AC6E79C23AA968100189A42 /* VideoCompressionWrapper.swift in Sources */,
				4A83FBE32492ADDF0006110B /* LabelNode.swift in Sources */,
				4A2604612144524C00079F3B /* HelperService.swift in Sources */,
				4A0D3FA72348071200280E51 /* HelpNode.swift in Sources */,
				4A0C430E23A1C4FA00F10A46 /* DiscoverFullCell.swift in Sources */,
				4A040EF322A1B2EF0020020F /* FeedSectionController.swift in Sources */,
				4AC2DC5E249A8A5C00D7304D /* NewDiscoverFullCell.swift in Sources */,
				4A1B41C923295258001ED374 /* DiscoverPageController.swift in Sources */,
				4A83FBEE2495C4030006110B /* SignInMVPNode.swift in Sources */,
				4A26045C2144524C00079F3B /* Config.swift in Sources */,
				4A3C3282223AB051004A0BDE /* StorageCacheController.swift in Sources */,
				4A2604582144524C00079F3B /* Api.swift in Sources */,
				4A589C3923AEAD5A0025202D /* LoopView.swift in Sources */,
				4A100E642362586000AD6CB1 /* ProfileNotSignedInController.swift in Sources */,
				4A0D3FAD234A79AD00280E51 /* SignInNode.swift in Sources */,
				4AC2DC5C249A82F400D7304D /* NewFeedCellOverlay.swift in Sources */,
				4A9EE692249164740006B365 /* SignUpPopoverMVPNode.swift in Sources */,
				4A0D3F9F234806D700280E51 /* FollowAndInviteNode.swift in Sources */,
				4A4877FB22A82C7500B7CF4D /* FilterNode.swift in Sources */,
				4A83FBE5249553C70006110B /* FeedCellOverlay.swift in Sources */,
				4AAF5D8B237DCC6D000551F2 /* EditProfileNode.swift in Sources */,
				4A0D3F9323459AC100280E51 /* InviteNode.swift in Sources */,
				4A0FE67322653C2200724A56 /* ProfileViewController.swift in Sources */,
				4A9CE9E0239DD47400650435 /* PushProfileTabController.swift in Sources */,
				4A100E5F235A5FBD00AD6CB1 /* SearchTableViewCell.swift in Sources */,
				4A1B41A72321B2E0001ED374 /* ProfileHeaderController.swift in Sources */,
				4A1B41C723271AF7001ED374 /* XLPagerTabStripExampleViewController.swift in Sources */,
				4AD6582F213886B400D4F1B4 /* AppDelegate.swift in Sources */,
				4AAF5D782364FB68000551F2 /* SignUpDisplayController.swift in Sources */,
				4ADB572C2294DCCE00F1D61F /* EditProfileViewController.swift in Sources */,
				4A48DB962341462200A98CCE /* FollowingData.swift in Sources */,
				4A0D3FA1234806E700280E51 /* AboutController.swift in Sources */,
				4A0D3F9B2348065400280E51 /* NotificationSettingNode.swift in Sources */,
				4AFD114222FB6BB300C6C108 /* OnBoardingController.swift in Sources */,
				4A83FBF42496E2230006110B /* NewFeedDesignNode.swift in Sources */,
				4A387BD922BC4F5E00B737CE /* ProfilePostsVC.swift in Sources */,
				4A292456228A07C900E64308 /* PhotoSelectorCell.swift in Sources */,
				4A86D28A22AAD8070077CA90 /* FilterPickerNode.swift in Sources */,
			);
			runOnlyForDeploymentPostprocessing = 0;
		};
/* End PBXSourcesBuildPhase section */

/* Begin PBXVariantGroup section */
		4AD65837213886B700D4F1B4 /* LaunchScreen.storyboard */ = {
			isa = PBXVariantGroup;
			children = (
				4AD65838213886B700D4F1B4 /* Base */,
			);
			name = LaunchScreen.storyboard;
			sourceTree = "<group>";
		};
/* End PBXVariantGroup section */

/* Begin XCBuildConfiguration section */
		4AD6583B213886B700D4F1B4 /* Debug */ = {
			isa = XCBuildConfiguration;
			buildSettings = {
				ALWAYS_SEARCH_USER_PATHS = NO;
				CLANG_ANALYZER_NONNULL = YES;
				CLANG_ANALYZER_NUMBER_OBJECT_CONVERSION = YES_AGGRESSIVE;
				CLANG_CXX_LANGUAGE_STANDARD = "gnu++14";
				CLANG_CXX_LIBRARY = "libc++";
				CLANG_ENABLE_MODULES = YES;
				CLANG_ENABLE_OBJC_ARC = YES;
				CLANG_ENABLE_OBJC_WEAK = YES;
				CLANG_WARN_BLOCK_CAPTURE_AUTORELEASING = YES;
				CLANG_WARN_BOOL_CONVERSION = YES;
				CLANG_WARN_COMMA = YES;
				CLANG_WARN_CONSTANT_CONVERSION = YES;
				CLANG_WARN_DEPRECATED_OBJC_IMPLEMENTATIONS = YES;
				CLANG_WARN_DIRECT_OBJC_ISA_USAGE = YES_ERROR;
				CLANG_WARN_DOCUMENTATION_COMMENTS = YES;
				CLANG_WARN_EMPTY_BODY = YES;
				CLANG_WARN_ENUM_CONVERSION = YES;
				CLANG_WARN_INFINITE_RECURSION = YES;
				CLANG_WARN_INT_CONVERSION = YES;
				CLANG_WARN_NON_LITERAL_NULL_CONVERSION = YES;
				CLANG_WARN_OBJC_IMPLICIT_RETAIN_SELF = YES;
				CLANG_WARN_OBJC_LITERAL_CONVERSION = YES;
				CLANG_WARN_OBJC_ROOT_CLASS = YES_ERROR;
				CLANG_WARN_RANGE_LOOP_ANALYSIS = YES;
				CLANG_WARN_STRICT_PROTOTYPES = YES;
				CLANG_WARN_SUSPICIOUS_MOVE = YES;
				CLANG_WARN_UNGUARDED_AVAILABILITY = YES_AGGRESSIVE;
				CLANG_WARN_UNREACHABLE_CODE = YES;
				CLANG_WARN__DUPLICATE_METHOD_MATCH = YES;
				CODE_SIGN_IDENTITY = "iPhone Developer";
				COPY_PHASE_STRIP = NO;
				DEBUG_INFORMATION_FORMAT = dwarf;
				ENABLE_STRICT_OBJC_MSGSEND = YES;
				ENABLE_TESTABILITY = YES;
				GCC_C_LANGUAGE_STANDARD = gnu11;
				GCC_DYNAMIC_NO_PIC = NO;
				GCC_NO_COMMON_BLOCKS = YES;
				GCC_OPTIMIZATION_LEVEL = 0;
				GCC_PREPROCESSOR_DEFINITIONS = (
					"DEBUG=1",
					"$(inherited)",
				);
				GCC_WARN_64_TO_32_BIT_CONVERSION = YES;
				GCC_WARN_ABOUT_RETURN_TYPE = YES_ERROR;
				GCC_WARN_UNDECLARED_SELECTOR = YES;
				GCC_WARN_UNINITIALIZED_AUTOS = YES_AGGRESSIVE;
				GCC_WARN_UNUSED_FUNCTION = YES;
				GCC_WARN_UNUSED_VARIABLE = YES;
				IPHONEOS_DEPLOYMENT_TARGET = 11.4;
				MTL_ENABLE_DEBUG_INFO = YES;
				ONLY_ACTIVE_ARCH = YES;
				SDKROOT = iphoneos;
				SWIFT_ACTIVE_COMPILATION_CONDITIONS = DEBUG;
				SWIFT_OPTIMIZATION_LEVEL = "-Onone";
				SWIFT_VERSION = 5.0;
			};
			name = Debug;
		};
		4AD6583C213886B700D4F1B4 /* Release */ = {
			isa = XCBuildConfiguration;
			buildSettings = {
				ALWAYS_SEARCH_USER_PATHS = NO;
				CLANG_ANALYZER_NONNULL = YES;
				CLANG_ANALYZER_NUMBER_OBJECT_CONVERSION = YES_AGGRESSIVE;
				CLANG_CXX_LANGUAGE_STANDARD = "gnu++14";
				CLANG_CXX_LIBRARY = "libc++";
				CLANG_ENABLE_MODULES = YES;
				CLANG_ENABLE_OBJC_ARC = YES;
				CLANG_ENABLE_OBJC_WEAK = YES;
				CLANG_WARN_BLOCK_CAPTURE_AUTORELEASING = YES;
				CLANG_WARN_BOOL_CONVERSION = YES;
				CLANG_WARN_COMMA = YES;
				CLANG_WARN_CONSTANT_CONVERSION = YES;
				CLANG_WARN_DEPRECATED_OBJC_IMPLEMENTATIONS = YES;
				CLANG_WARN_DIRECT_OBJC_ISA_USAGE = YES_ERROR;
				CLANG_WARN_DOCUMENTATION_COMMENTS = YES;
				CLANG_WARN_EMPTY_BODY = YES;
				CLANG_WARN_ENUM_CONVERSION = YES;
				CLANG_WARN_INFINITE_RECURSION = YES;
				CLANG_WARN_INT_CONVERSION = YES;
				CLANG_WARN_NON_LITERAL_NULL_CONVERSION = YES;
				CLANG_WARN_OBJC_IMPLICIT_RETAIN_SELF = YES;
				CLANG_WARN_OBJC_LITERAL_CONVERSION = YES;
				CLANG_WARN_OBJC_ROOT_CLASS = YES_ERROR;
				CLANG_WARN_RANGE_LOOP_ANALYSIS = YES;
				CLANG_WARN_STRICT_PROTOTYPES = YES;
				CLANG_WARN_SUSPICIOUS_MOVE = YES;
				CLANG_WARN_UNGUARDED_AVAILABILITY = YES_AGGRESSIVE;
				CLANG_WARN_UNREACHABLE_CODE = YES;
				CLANG_WARN__DUPLICATE_METHOD_MATCH = YES;
				CODE_SIGN_IDENTITY = "iPhone Developer";
				COPY_PHASE_STRIP = NO;
				DEBUG_INFORMATION_FORMAT = "dwarf-with-dsym";
				ENABLE_NS_ASSERTIONS = NO;
				ENABLE_STRICT_OBJC_MSGSEND = YES;
				GCC_C_LANGUAGE_STANDARD = gnu11;
				GCC_NO_COMMON_BLOCKS = YES;
				GCC_WARN_64_TO_32_BIT_CONVERSION = YES;
				GCC_WARN_ABOUT_RETURN_TYPE = YES_ERROR;
				GCC_WARN_UNDECLARED_SELECTOR = YES;
				GCC_WARN_UNINITIALIZED_AUTOS = YES_AGGRESSIVE;
				GCC_WARN_UNUSED_FUNCTION = YES;
				GCC_WARN_UNUSED_VARIABLE = YES;
				IPHONEOS_DEPLOYMENT_TARGET = 11.4;
				MTL_ENABLE_DEBUG_INFO = NO;
				ONLY_ACTIVE_ARCH = NO;
				SDKROOT = iphoneos;
				SWIFT_COMPILATION_MODE = wholemodule;
				SWIFT_OPTIMIZATION_LEVEL = "-O";
				SWIFT_VERSION = 5.0;
				VALIDATE_PRODUCT = YES;
			};
			name = Release;
		};
		4AD6583E213886B700D4F1B4 /* Debug */ = {
			isa = XCBuildConfiguration;
			baseConfigurationReference = 326508F62E2033E2AB4776F6 /* Pods-BlastVideo.debug.xcconfig */;
			buildSettings = {
				ASSETCATALOG_COMPILER_APPICON_NAME = AppIcon;
				CODE_SIGN_ENTITLEMENTS = "BlastVideo/Art Photography Media.entitlements";
				CODE_SIGN_STYLE = Automatic;
				CURRENT_PROJECT_VERSION = 2;
				DEVELOPMENT_TEAM = G28RVMY8Q8;
				INFOPLIST_FILE = BlastVideo/Info.plist;
				IPHONEOS_DEPLOYMENT_TARGET = 12.3;
				LD_RUNPATH_SEARCH_PATHS = (
					"$(inherited)",
					"@executable_path/Frameworks",
				);
				MARKETING_VERSION = 0.9.8;
				PRODUCT_BUNDLE_IDENTIFIER = com.blast.video;
				PRODUCT_NAME = myLIVE;
				SWIFT_VERSION = 5.0;
				TARGETED_DEVICE_FAMILY = "1,2";
			};
			name = Debug;
		};
		4AD6583F213886B700D4F1B4 /* Release */ = {
			isa = XCBuildConfiguration;
			baseConfigurationReference = DC0BE0AD202139EA994B864A /* Pods-BlastVideo.release.xcconfig */;
			buildSettings = {
				ASSETCATALOG_COMPILER_APPICON_NAME = AppIcon;
				CODE_SIGN_ENTITLEMENTS = "BlastVideo/Art Photography Media.entitlements";
				CODE_SIGN_STYLE = Automatic;
				CURRENT_PROJECT_VERSION = 2;
				DEVELOPMENT_TEAM = G28RVMY8Q8;
				INFOPLIST_FILE = BlastVideo/Info.plist;
				IPHONEOS_DEPLOYMENT_TARGET = 12.3;
				LD_RUNPATH_SEARCH_PATHS = (
					"$(inherited)",
					"@executable_path/Frameworks",
				);
				MARKETING_VERSION = 0.9.8;
				PRODUCT_BUNDLE_IDENTIFIER = com.blast.video;
				PRODUCT_NAME = myLIVE;
				SWIFT_VERSION = 5.0;
				TARGETED_DEVICE_FAMILY = "1,2";
			};
			name = Release;
		};
/* End XCBuildConfiguration section */

/* Begin XCConfigurationList section */
		4AD65826213886B400D4F1B4 /* Build configuration list for PBXProject "BlastVideo" */ = {
			isa = XCConfigurationList;
			buildConfigurations = (
				4AD6583B213886B700D4F1B4 /* Debug */,
				4AD6583C213886B700D4F1B4 /* Release */,
			);
			defaultConfigurationIsVisible = 0;
			defaultConfigurationName = Release;
		};
		4AD6583D213886B700D4F1B4 /* Build configuration list for PBXNativeTarget "BlastVideo" */ = {
			isa = XCConfigurationList;
			buildConfigurations = (
				4AD6583E213886B700D4F1B4 /* Debug */,
				4AD6583F213886B700D4F1B4 /* Release */,
			);
			defaultConfigurationIsVisible = 0;
			defaultConfigurationName = Release;
		};
/* End XCConfigurationList section */
	};
	rootObject = 4AD65823213886B400D4F1B4 /* Project object */;
}
